// !$*UTF8*$!
{
	archiveVersion = 1;
	classes = {
	};
	objectVersion = 46;
	objects = {

/* Begin PBXBuildFile section */
		A5367D281E7AA005005DC731 /* Main.storyboard in Resources */ = {isa = PBXBuildFile; fileRef = A5367D261E7AA005005DC731 /* Main.storyboard */; };
		A5367D2A1E7AA005005DC731 /* Assets.xcassets in Resources */ = {isa = PBXBuildFile; fileRef = A5367D291E7AA005005DC731 /* Assets.xcassets */; };
		A5367D2D1E7AA005005DC731 /* LaunchScreen.storyboard in Resources */ = {isa = PBXBuildFile; fileRef = A5367D2B1E7AA005005DC731 /* LaunchScreen.storyboard */; };
		A5367D4D1E7AA055005DC731 /* AppDelegate.m in Sources */ = {isa = PBXBuildFile; fileRef = A5367D471E7AA055005DC731 /* AppDelegate.m */; };
		A5367D4E1E7AA055005DC731 /* main.m in Sources */ = {isa = PBXBuildFile; fileRef = A5367D481E7AA055005DC731 /* main.m */; };
		A5367D531E7AA3DD005DC731 /* YYHEssenceViewController.m in Sources */ = {isa = PBXBuildFile; fileRef = A5367D521E7AA3DD005DC731 /* YYHEssenceViewController.m */; };
		A5367D561E7AA407005DC731 /* YYHNewViewController.m in Sources */ = {isa = PBXBuildFile; fileRef = A5367D551E7AA407005DC731 /* YYHNewViewController.m */; };
		A5367D591E7AA429005DC731 /* YYHFriendViewController.m in Sources */ = {isa = PBXBuildFile; fileRef = A5367D581E7AA429005DC731 /* YYHFriendViewController.m */; };
		A5367D5C1E7AA43D005DC731 /* YYHMeTableViewController.m in Sources */ = {isa = PBXBuildFile; fileRef = A5367D5B1E7AA43D005DC731 /* YYHMeTableViewController.m */; };
		A5367D5F1E7AA456005DC731 /* YYHPublishViewController.m in Sources */ = {isa = PBXBuildFile; fileRef = A5367D5E1E7AA456005DC731 /* YYHPublishViewController.m */; };
		A5367D691E7AAB4C005DC731 /* YYHTabBarController.m in Sources */ = {isa = PBXBuildFile; fileRef = A5367D681E7AAB4C005DC731 /* YYHTabBarController.m */; };
		A5367D6D1E7B2351005DC731 /* UIImage+WithoutRendering.m in Sources */ = {isa = PBXBuildFile; fileRef = A5367D6C1E7B2351005DC731 /* UIImage+WithoutRendering.m */; };
		A5367D721E7D2CD2005DC731 /* UIView+YYHFrame.m in Sources */ = {isa = PBXBuildFile; fileRef = A5367D711E7D2CD2005DC731 /* UIView+YYHFrame.m */; };
		A5367D7B1E7D34A3005DC731 /* YYHTabBar.m in Sources */ = {isa = PBXBuildFile; fileRef = A5367D7A1E7D34A3005DC731 /* YYHTabBar.m */; };
		A5367D7E1E7D44BD005DC731 /* UIBarButtonItem+YYHBarButton.m in Sources */ = {isa = PBXBuildFile; fileRef = A5367D7D1E7D44BD005DC731 /* UIBarButtonItem+YYHBarButton.m */; };
		A5367D841E7E892B005DC731 /* YYHNavigationViewController.m in Sources */ = {isa = PBXBuildFile; fileRef = A5367D831E7E892B005DC731 /* YYHNavigationViewController.m */; };
		A5367D8B1E7E9073005DC731 /* YYHSettingTableViewController.m in Sources */ = {isa = PBXBuildFile; fileRef = A5367D8A1E7E9073005DC731 /* YYHSettingTableViewController.m */; };
		A5367D931E7F2A91005DC731 /* YYHAdViewController.m in Sources */ = {isa = PBXBuildFile; fileRef = A5367D911E7F2A91005DC731 /* YYHAdViewController.m */; };
		A5367D9F1E7FC40F005DC731 /* LaunchImage-568h@2x.png in Resources */ = {isa = PBXBuildFile; fileRef = A5367D981E7FC40F005DC731 /* LaunchImage-568h@2x.png */; };
		A5367DA01E7FC40F005DC731 /* LaunchImage-700-568h@2x.png in Resources */ = {isa = PBXBuildFile; fileRef = A5367D991E7FC40F005DC731 /* LaunchImage-700-568h@2x.png */; };
		A5367DA11E7FC40F005DC731 /* LaunchImage-700@2x.png in Resources */ = {isa = PBXBuildFile; fileRef = A5367D9A1E7FC40F005DC731 /* LaunchImage-700@2x.png */; };
		A5367DA21E7FC40F005DC731 /* LaunchImage-800-667h@2x.png in Resources */ = {isa = PBXBuildFile; fileRef = A5367D9B1E7FC40F005DC731 /* LaunchImage-800-667h@2x.png */; };
		A5367DA31E7FC40F005DC731 /* LaunchImage-800-Portrait-736h@3x.png in Resources */ = {isa = PBXBuildFile; fileRef = A5367D9C1E7FC40F005DC731 /* LaunchImage-800-Portrait-736h@3x.png */; };
		A5367DA41E7FC40F005DC731 /* LaunchImage.png in Resources */ = {isa = PBXBuildFile; fileRef = A5367D9D1E7FC40F005DC731 /* LaunchImage.png */; };
		A5367DA51E7FC40F005DC731 /* LaunchImage@2x.png in Resources */ = {isa = PBXBuildFile; fileRef = A5367D9E1E7FC40F005DC731 /* LaunchImage@2x.png */; };
		A5367DA71E7FCA77005DC731 /* YYHAdViewController.xib in Resources */ = {isa = PBXBuildFile; fileRef = A5367DA61E7FCA77005DC731 /* YYHAdViewController.xib */; };
		A57155A91E7FEEFC007777E6 /* YYHADItem.m in Sources */ = {isa = PBXBuildFile; fileRef = A57155A81E7FEEFC007777E6 /* YYHADItem.m */; };
		A57155AF1E813B91007777E6 /* YYHSubscribeController.m in Sources */ = {isa = PBXBuildFile; fileRef = A57155AE1E813B91007777E6 /* YYHSubscribeController.m */; };
		A57155B21E8140C1007777E6 /* YYHTagItem.m in Sources */ = {isa = PBXBuildFile; fileRef = A57155B11E8140C1007777E6 /* YYHTagItem.m */; };
		A57155B91E82537F007777E6 /* YYHTagCellTableViewCell.m in Sources */ = {isa = PBXBuildFile; fileRef = A57155B71E82537F007777E6 /* YYHTagCellTableViewCell.m */; };
		A57155BA1E82537F007777E6 /* YYHTagCellTableViewCell.xib in Resources */ = {isa = PBXBuildFile; fileRef = A57155B81E82537F007777E6 /* YYHTagCellTableViewCell.xib */; };
		A57155BC1E83A5A6007777E6 /* YYHFriendViewController.xib in Resources */ = {isa = PBXBuildFile; fileRef = A57155BB1E83A5A6007777E6 /* YYHFriendViewController.xib */; };
		A57155C01E83B76F007777E6 /* YYHLogNRegisterViewController.m in Sources */ = {isa = PBXBuildFile; fileRef = A57155BE1E83B76F007777E6 /* YYHLogNRegisterViewController.m */; };
		A57155C11E83B76F007777E6 /* YYHLogNRegisterViewController.xib in Resources */ = {isa = PBXBuildFile; fileRef = A57155BF1E83B76F007777E6 /* YYHLogNRegisterViewController.xib */; };
		A57155CC1E83CBD7007777E6 /* YYHRegisterView.m in Sources */ = {isa = PBXBuildFile; fileRef = A57155CB1E83CBD7007777E6 /* YYHRegisterView.m */; };
		A57155CE1E83CBDE007777E6 /* YYHRegisterView.xib in Resources */ = {isa = PBXBuildFile; fileRef = A57155CD1E83CBDE007777E6 /* YYHRegisterView.xib */; };
		A57155D11E850350007777E6 /* YYHFastLoginView.m in Sources */ = {isa = PBXBuildFile; fileRef = A57155D01E850350007777E6 /* YYHFastLoginView.m */; };
		A57155D31E850356007777E6 /* YYHFastLoginView.xib in Resources */ = {isa = PBXBuildFile; fileRef = A57155D21E850356007777E6 /* YYHFastLoginView.xib */; };
		A57155D61E850C66007777E6 /* YYHFastButton.m in Sources */ = {isa = PBXBuildFile; fileRef = A57155D51E850C66007777E6 /* YYHFastButton.m */; };
		A57155D91E865C13007777E6 /* YYHTextField.m in Sources */ = {isa = PBXBuildFile; fileRef = A57155D81E865C13007777E6 /* YYHTextField.m */; };
		A57155DC1E8670A1007777E6 /* UITextField+YYHPlaceHolderColor.m in Sources */ = {isa = PBXBuildFile; fileRef = A57155DB1E8670A1007777E6 /* UITextField+YYHPlaceHolderColor.m */; };
		A57155DE1E870349007777E6 /* YYHMeTableViewController.storyboard in Resources */ = {isa = PBXBuildFile; fileRef = A57155DD1E870349007777E6 /* YYHMeTableViewController.storyboard */; };
		EE2373FA3AAD958212BBE16C /* libPods-17_03_16_Budejie.a in Frameworks */ = {isa = PBXBuildFile; fileRef = 200A53EF94387F14359C3388 /* libPods-17_03_16_Budejie.a */; };
/* End PBXBuildFile section */

/* Begin PBXFileReference section */
		200A53EF94387F14359C3388 /* libPods-17_03_16_Budejie.a */ = {isa = PBXFileReference; explicitFileType = archive.ar; includeInIndex = 0; path = "libPods-17_03_16_Budejie.a"; sourceTree = BUILT_PRODUCTS_DIR; };
		4A23243B07E243CF57E18830 /* Pods-17_03_16_Budejie.debug.xcconfig */ = {isa = PBXFileReference; includeInIndex = 1; lastKnownFileType = text.xcconfig; name = "Pods-17_03_16_Budejie.debug.xcconfig"; path = "Pods/Target Support Files/Pods-17_03_16_Budejie/Pods-17_03_16_Budejie.debug.xcconfig"; sourceTree = "<group>"; };
		A5367D1A1E7AA005005DC731 /* 17_03_16_Budejie.app */ = {isa = PBXFileReference; explicitFileType = wrapper.application; includeInIndex = 0; path = 17_03_16_Budejie.app; sourceTree = BUILT_PRODUCTS_DIR; };
		A5367D271E7AA005005DC731 /* Base */ = {isa = PBXFileReference; lastKnownFileType = file.storyboard; name = Base; path = Base.lproj/Main.storyboard; sourceTree = "<group>"; };
		A5367D291E7AA005005DC731 /* Assets.xcassets */ = {isa = PBXFileReference; lastKnownFileType = folder.assetcatalog; path = Assets.xcassets; sourceTree = "<group>"; };
		A5367D2C1E7AA005005DC731 /* Base */ = {isa = PBXFileReference; lastKnownFileType = file.storyboard; name = Base; path = Base.lproj/LaunchScreen.storyboard; sourceTree = "<group>"; };
		A5367D2E1E7AA005005DC731 /* Info.plist */ = {isa = PBXFileReference; lastKnownFileType = text.plist.xml; path = Info.plist; sourceTree = "<group>"; };
		A5367D461E7AA055005DC731 /* AppDelegate.h */ = {isa = PBXFileReference; fileEncoding = 4; lastKnownFileType = sourcecode.c.h; path = AppDelegate.h; sourceTree = "<group>"; };
		A5367D471E7AA055005DC731 /* AppDelegate.m */ = {isa = PBXFileReference; fileEncoding = 4; lastKnownFileType = sourcecode.c.objc; path = AppDelegate.m; sourceTree = "<group>"; };
		A5367D481E7AA055005DC731 /* main.m */ = {isa = PBXFileReference; fileEncoding = 4; lastKnownFileType = sourcecode.c.objc; path = main.m; sourceTree = "<group>"; };
		A5367D511E7AA3DD005DC731 /* YYHEssenceViewController.h */ = {isa = PBXFileReference; fileEncoding = 4; lastKnownFileType = sourcecode.c.h; path = YYHEssenceViewController.h; sourceTree = "<group>"; };
		A5367D521E7AA3DD005DC731 /* YYHEssenceViewController.m */ = {isa = PBXFileReference; fileEncoding = 4; lastKnownFileType = sourcecode.c.objc; path = YYHEssenceViewController.m; sourceTree = "<group>"; };
		A5367D541E7AA407005DC731 /* YYHNewViewController.h */ = {isa = PBXFileReference; fileEncoding = 4; lastKnownFileType = sourcecode.c.h; name = YYHNewViewController.h; path = "17_03_16_Budejie/Classes/New-新帖/Controller/YYHNewViewController.h"; sourceTree = SOURCE_ROOT; };
		A5367D551E7AA407005DC731 /* YYHNewViewController.m */ = {isa = PBXFileReference; fileEncoding = 4; lastKnownFileType = sourcecode.c.objc; name = YYHNewViewController.m; path = "17_03_16_Budejie/Classes/New-新帖/Controller/YYHNewViewController.m"; sourceTree = SOURCE_ROOT; };
		A5367D571E7AA429005DC731 /* YYHFriendViewController.h */ = {isa = PBXFileReference; fileEncoding = 4; lastKnownFileType = sourcecode.c.h; path = YYHFriendViewController.h; sourceTree = "<group>"; };
		A5367D581E7AA429005DC731 /* YYHFriendViewController.m */ = {isa = PBXFileReference; fileEncoding = 4; lastKnownFileType = sourcecode.c.objc; path = YYHFriendViewController.m; sourceTree = "<group>"; };
		A5367D5A1E7AA43D005DC731 /* YYHMeTableViewController.h */ = {isa = PBXFileReference; fileEncoding = 4; lastKnownFileType = sourcecode.c.h; path = YYHMeTableViewController.h; sourceTree = "<group>"; };
		A5367D5B1E7AA43D005DC731 /* YYHMeTableViewController.m */ = {isa = PBXFileReference; fileEncoding = 4; lastKnownFileType = sourcecode.c.objc; path = YYHMeTableViewController.m; sourceTree = "<group>"; };
		A5367D5D1E7AA456005DC731 /* YYHPublishViewController.h */ = {isa = PBXFileReference; fileEncoding = 4; lastKnownFileType = sourcecode.c.h; path = YYHPublishViewController.h; sourceTree = "<group>"; };
		A5367D5E1E7AA456005DC731 /* YYHPublishViewController.m */ = {isa = PBXFileReference; fileEncoding = 4; lastKnownFileType = sourcecode.c.objc; path = YYHPublishViewController.m; sourceTree = "<group>"; };
		A5367D671E7AAB4C005DC731 /* YYHTabBarController.h */ = {isa = PBXFileReference; fileEncoding = 4; lastKnownFileType = sourcecode.c.h; path = YYHTabBarController.h; sourceTree = "<group>"; };
		A5367D681E7AAB4C005DC731 /* YYHTabBarController.m */ = {isa = PBXFileReference; fileEncoding = 4; lastKnownFileType = sourcecode.c.objc; path = YYHTabBarController.m; sourceTree = "<group>"; };
		A5367D6B1E7B2351005DC731 /* UIImage+WithoutRendering.h */ = {isa = PBXFileReference; fileEncoding = 4; lastKnownFileType = sourcecode.c.h; path = "UIImage+WithoutRendering.h"; sourceTree = "<group>"; };
		A5367D6C1E7B2351005DC731 /* UIImage+WithoutRendering.m */ = {isa = PBXFileReference; fileEncoding = 4; lastKnownFileType = sourcecode.c.objc; path = "UIImage+WithoutRendering.m"; sourceTree = "<group>"; };
		A5367D6F1E7D2A35005DC731 /* Budejie.pch */ = {isa = PBXFileReference; lastKnownFileType = sourcecode.c.h; path = Budejie.pch; sourceTree = "<group>"; };
		A5367D701E7D2CD2005DC731 /* UIView+YYHFrame.h */ = {isa = PBXFileReference; fileEncoding = 4; lastKnownFileType = sourcecode.c.h; path = "UIView+YYHFrame.h"; sourceTree = "<group>"; };
		A5367D711E7D2CD2005DC731 /* UIView+YYHFrame.m */ = {isa = PBXFileReference; fileEncoding = 4; lastKnownFileType = sourcecode.c.objc; path = "UIView+YYHFrame.m"; sourceTree = "<group>"; };
		A5367D791E7D34A3005DC731 /* YYHTabBar.h */ = {isa = PBXFileReference; fileEncoding = 4; lastKnownFileType = sourcecode.c.h; path = YYHTabBar.h; sourceTree = "<group>"; };
		A5367D7A1E7D34A3005DC731 /* YYHTabBar.m */ = {isa = PBXFileReference; fileEncoding = 4; lastKnownFileType = sourcecode.c.objc; path = YYHTabBar.m; sourceTree = "<group>"; };
		A5367D7C1E7D44BD005DC731 /* UIBarButtonItem+YYHBarButton.h */ = {isa = PBXFileReference; fileEncoding = 4; lastKnownFileType = sourcecode.c.h; name = "UIBarButtonItem+YYHBarButton.h"; path = "17_03_16_Budejie/Classes/Other-其他/Categories/UIBarButtonItem+YYHBarButton.h"; sourceTree = SOURCE_ROOT; };
		A5367D7D1E7D44BD005DC731 /* UIBarButtonItem+YYHBarButton.m */ = {isa = PBXFileReference; fileEncoding = 4; lastKnownFileType = sourcecode.c.objc; name = "UIBarButtonItem+YYHBarButton.m"; path = "17_03_16_Budejie/Classes/Other-其他/Categories/UIBarButtonItem+YYHBarButton.m"; sourceTree = SOURCE_ROOT; };
		A5367D821E7E892B005DC731 /* YYHNavigationViewController.h */ = {isa = PBXFileReference; fileEncoding = 4; lastKnownFileType = sourcecode.c.h; path = YYHNavigationViewController.h; sourceTree = "<group>"; };
		A5367D831E7E892B005DC731 /* YYHNavigationViewController.m */ = {isa = PBXFileReference; fileEncoding = 4; lastKnownFileType = sourcecode.c.objc; path = YYHNavigationViewController.m; sourceTree = "<group>"; };
		A5367D891E7E9073005DC731 /* YYHSettingTableViewController.h */ = {isa = PBXFileReference; fileEncoding = 4; lastKnownFileType = sourcecode.c.h; path = YYHSettingTableViewController.h; sourceTree = "<group>"; };
		A5367D8A1E7E9073005DC731 /* YYHSettingTableViewController.m */ = {isa = PBXFileReference; fileEncoding = 4; lastKnownFileType = sourcecode.c.objc; path = YYHSettingTableViewController.m; sourceTree = "<group>"; };
		A5367D901E7F2A91005DC731 /* YYHAdViewController.h */ = {isa = PBXFileReference; fileEncoding = 4; lastKnownFileType = sourcecode.c.h; path = YYHAdViewController.h; sourceTree = "<group>"; };
		A5367D911E7F2A91005DC731 /* YYHAdViewController.m */ = {isa = PBXFileReference; fileEncoding = 4; lastKnownFileType = sourcecode.c.objc; path = YYHAdViewController.m; sourceTree = "<group>"; };
		A5367D981E7FC40F005DC731 /* LaunchImage-568h@2x.png */ = {isa = PBXFileReference; lastKnownFileType = image.png; path = "LaunchImage-568h@2x.png"; sourceTree = "<group>"; };
		A5367D991E7FC40F005DC731 /* LaunchImage-700-568h@2x.png */ = {isa = PBXFileReference; lastKnownFileType = image.png; path = "LaunchImage-700-568h@2x.png"; sourceTree = "<group>"; };
		A5367D9A1E7FC40F005DC731 /* LaunchImage-700@2x.png */ = {isa = PBXFileReference; lastKnownFileType = image.png; path = "LaunchImage-700@2x.png"; sourceTree = "<group>"; };
		A5367D9B1E7FC40F005DC731 /* LaunchImage-800-667h@2x.png */ = {isa = PBXFileReference; lastKnownFileType = image.png; path = "LaunchImage-800-667h@2x.png"; sourceTree = "<group>"; };
		A5367D9C1E7FC40F005DC731 /* LaunchImage-800-Portrait-736h@3x.png */ = {isa = PBXFileReference; lastKnownFileType = image.png; path = "LaunchImage-800-Portrait-736h@3x.png"; sourceTree = "<group>"; };
		A5367D9D1E7FC40F005DC731 /* LaunchImage.png */ = {isa = PBXFileReference; lastKnownFileType = image.png; path = LaunchImage.png; sourceTree = "<group>"; };
		A5367D9E1E7FC40F005DC731 /* LaunchImage@2x.png */ = {isa = PBXFileReference; lastKnownFileType = image.png; path = "LaunchImage@2x.png"; sourceTree = "<group>"; };
		A5367DA61E7FCA77005DC731 /* YYHAdViewController.xib */ = {isa = PBXFileReference; fileEncoding = 4; lastKnownFileType = file.xib; path = YYHAdViewController.xib; sourceTree = "<group>"; };
		A57155A71E7FEEFC007777E6 /* YYHADItem.h */ = {isa = PBXFileReference; fileEncoding = 4; lastKnownFileType = sourcecode.c.h; path = YYHADItem.h; sourceTree = "<group>"; };
		A57155A81E7FEEFC007777E6 /* YYHADItem.m */ = {isa = PBXFileReference; fileEncoding = 4; lastKnownFileType = sourcecode.c.objc; path = YYHADItem.m; sourceTree = "<group>"; };
		A57155AD1E813B91007777E6 /* YYHSubscribeController.h */ = {isa = PBXFileReference; fileEncoding = 4; lastKnownFileType = sourcecode.c.h; path = YYHSubscribeController.h; sourceTree = "<group>"; };
		A57155AE1E813B91007777E6 /* YYHSubscribeController.m */ = {isa = PBXFileReference; fileEncoding = 4; lastKnownFileType = sourcecode.c.objc; path = YYHSubscribeController.m; sourceTree = "<group>"; };
		A57155B01E8140C1007777E6 /* YYHTagItem.h */ = {isa = PBXFileReference; fileEncoding = 4; lastKnownFileType = sourcecode.c.h; name = YYHTagItem.h; path = "../Other-其他/Main/Model/YYHTagItem.h"; sourceTree = "<group>"; };
		A57155B11E8140C1007777E6 /* YYHTagItem.m */ = {isa = PBXFileReference; fileEncoding = 4; lastKnownFileType = sourcecode.c.objc; name = YYHTagItem.m; path = "../Other-其他/Main/Model/YYHTagItem.m"; sourceTree = "<group>"; };
		A57155B61E82537F007777E6 /* YYHTagCellTableViewCell.h */ = {isa = PBXFileReference; fileEncoding = 4; lastKnownFileType = sourcecode.c.h; path = YYHTagCellTableViewCell.h; sourceTree = "<group>"; };
		A57155B71E82537F007777E6 /* YYHTagCellTableViewCell.m */ = {isa = PBXFileReference; fileEncoding = 4; lastKnownFileType = sourcecode.c.objc; path = YYHTagCellTableViewCell.m; sourceTree = "<group>"; };
		A57155B81E82537F007777E6 /* YYHTagCellTableViewCell.xib */ = {isa = PBXFileReference; fileEncoding = 4; lastKnownFileType = file.xib; path = YYHTagCellTableViewCell.xib; sourceTree = "<group>"; };
		A57155BB1E83A5A6007777E6 /* YYHFriendViewController.xib */ = {isa = PBXFileReference; fileEncoding = 4; lastKnownFileType = file.xib; path = YYHFriendViewController.xib; sourceTree = "<group>"; };
		A57155BD1E83B76F007777E6 /* YYHLogNRegisterViewController.h */ = {isa = PBXFileReference; fileEncoding = 4; lastKnownFileType = sourcecode.c.h; path = YYHLogNRegisterViewController.h; sourceTree = "<group>"; };
		A57155BE1E83B76F007777E6 /* YYHLogNRegisterViewController.m */ = {isa = PBXFileReference; fileEncoding = 4; lastKnownFileType = sourcecode.c.objc; path = YYHLogNRegisterViewController.m; sourceTree = "<group>"; };
		A57155BF1E83B76F007777E6 /* YYHLogNRegisterViewController.xib */ = {isa = PBXFileReference; fileEncoding = 4; lastKnownFileType = file.xib; path = YYHLogNRegisterViewController.xib; sourceTree = "<group>"; };
		A57155CA1E83CBD7007777E6 /* YYHRegisterView.h */ = {isa = PBXFileReference; fileEncoding = 4; lastKnownFileType = sourcecode.c.h; path = YYHRegisterView.h; sourceTree = "<group>"; };
		A57155CB1E83CBD7007777E6 /* YYHRegisterView.m */ = {isa = PBXFileReference; fileEncoding = 4; lastKnownFileType = sourcecode.c.objc; path = YYHRegisterView.m; sourceTree = "<group>"; };
		A57155CD1E83CBDE007777E6 /* YYHRegisterView.xib */ = {isa = PBXFileReference; fileEncoding = 4; lastKnownFileType = file.xib; path = YYHRegisterView.xib; sourceTree = "<group>"; };
		A57155CF1E850350007777E6 /* YYHFastLoginView.h */ = {isa = PBXFileReference; fileEncoding = 4; lastKnownFileType = sourcecode.c.h; path = YYHFastLoginView.h; sourceTree = "<group>"; };
		A57155D01E850350007777E6 /* YYHFastLoginView.m */ = {isa = PBXFileReference; fileEncoding = 4; lastKnownFileType = sourcecode.c.objc; path = YYHFastLoginView.m; sourceTree = "<group>"; };
		A57155D21E850356007777E6 /* YYHFastLoginView.xib */ = {isa = PBXFileReference; fileEncoding = 4; lastKnownFileType = file.xib; path = YYHFastLoginView.xib; sourceTree = "<group>"; };
		A57155D41E850C66007777E6 /* YYHFastButton.h */ = {isa = PBXFileReference; fileEncoding = 4; lastKnownFileType = sourcecode.c.h; path = YYHFastButton.h; sourceTree = "<group>"; };
		A57155D51E850C66007777E6 /* YYHFastButton.m */ = {isa = PBXFileReference; fileEncoding = 4; lastKnownFileType = sourcecode.c.objc; path = YYHFastButton.m; sourceTree = "<group>"; };
		A57155D71E865C13007777E6 /* YYHTextField.h */ = {isa = PBXFileReference; fileEncoding = 4; lastKnownFileType = sourcecode.c.h; path = YYHTextField.h; sourceTree = "<group>"; };
		A57155D81E865C13007777E6 /* YYHTextField.m */ = {isa = PBXFileReference; fileEncoding = 4; lastKnownFileType = sourcecode.c.objc; path = YYHTextField.m; sourceTree = "<group>"; };
		A57155DA1E8670A1007777E6 /* UITextField+YYHPlaceHolderColor.h */ = {isa = PBXFileReference; fileEncoding = 4; lastKnownFileType = sourcecode.c.h; path = "UITextField+YYHPlaceHolderColor.h"; sourceTree = "<group>"; };
		A57155DB1E8670A1007777E6 /* UITextField+YYHPlaceHolderColor.m */ = {isa = PBXFileReference; fileEncoding = 4; lastKnownFileType = sourcecode.c.objc; path = "UITextField+YYHPlaceHolderColor.m"; sourceTree = "<group>"; };
		A57155DD1E870349007777E6 /* YYHMeTableViewController.storyboard */ = {isa = PBXFileReference; fileEncoding = 4; lastKnownFileType = file.storyboard; path = YYHMeTableViewController.storyboard; sourceTree = "<group>"; };
		F163615A6F24117DBDB43D62 /* Pods-17_03_16_Budejie.release.xcconfig */ = {isa = PBXFileReference; includeInIndex = 1; lastKnownFileType = text.xcconfig; name = "Pods-17_03_16_Budejie.release.xcconfig"; path = "Pods/Target Support Files/Pods-17_03_16_Budejie/Pods-17_03_16_Budejie.release.xcconfig"; sourceTree = "<group>"; };
/* End PBXFileReference section */

/* Begin PBXFrameworksBuildPhase section */
		A5367D171E7AA005005DC731 /* Frameworks */ = {
			isa = PBXFrameworksBuildPhase;
			buildActionMask = 2147483647;
			files = (
				EE2373FA3AAD958212BBE16C /* libPods-17_03_16_Budejie.a in Frameworks */,
			);
			runOnlyForDeploymentPostprocessing = 0;
		};
/* End PBXFrameworksBuildPhase section */

/* Begin PBXGroup section */
		A5367D111E7AA005005DC731 = {
			isa = PBXGroup;
			children = (
				A5367D1C1E7AA005005DC731 /* 17_03_16_Budejie */,
				A5367D1B1E7AA005005DC731 /* Products */,
				A5367D971E7FC40F005DC731 /* 启动图片 */,
				F2857F049AFE48E113E079E7 /* Pods */,
				AED90785FA4AE1F4EF3DD882 /* Frameworks */,
			);
			sourceTree = "<group>";
		};
		A5367D1B1E7AA005005DC731 /* Products */ = {
			isa = PBXGroup;
			children = (
				A5367D1A1E7AA005005DC731 /* 17_03_16_Budejie.app */,
			);
			name = Products;
			sourceTree = "<group>";
		};
		A5367D1C1E7AA005005DC731 /* 17_03_16_Budejie */ = {
			isa = PBXGroup;
			children = (
				A5367D341E7AA055005DC731 /* Classes */,
				A5367D261E7AA005005DC731 /* Main.storyboard */,
				A5367D291E7AA005005DC731 /* Assets.xcassets */,
				A5367D2B1E7AA005005DC731 /* LaunchScreen.storyboard */,
				A5367D2E1E7AA005005DC731 /* Info.plist */,
				A5367D1D1E7AA005005DC731 /* Supporting Files */,
			);
			path = 17_03_16_Budejie;
			sourceTree = "<group>";
		};
		A5367D1D1E7AA005005DC731 /* Supporting Files */ = {
			isa = PBXGroup;
			children = (
			);
			name = "Supporting Files";
			sourceTree = "<group>";
		};
		A5367D341E7AA055005DC731 /* Classes */ = {
			isa = PBXGroup;
			children = (
				A5367D8C1E7F29EE005DC731 /* Ad-广告 */,
				A5367D851E7E9047005DC731 /* Setting-设置 */,
				A5367D601E7AAAAF005DC731 /* Main */,
				A5367D351E7AA055005DC731 /* Essence-精华 */,
				A5367D391E7AA055005DC731 /* FriendTrends-关注 */,
				A5367D3D1E7AA055005DC731 /* Me-我 */,
				A5367D411E7AA055005DC731 /* New-新帖 */,
				A5367D491E7AA055005DC731 /* Publish-发布 */,
				A5367D451E7AA055005DC731 /* Other-其他 */,
			);
			path = Classes;
			sourceTree = "<group>";
		};
		A5367D351E7AA055005DC731 /* Essence-精华 */ = {
			isa = PBXGroup;
			children = (
				A5367D361E7AA055005DC731 /* Controller */,
				A5367D371E7AA055005DC731 /* Model */,
				A5367D381E7AA055005DC731 /* View */,
			);
			path = "Essence-精华";
			sourceTree = "<group>";
		};
		A5367D361E7AA055005DC731 /* Controller */ = {
			isa = PBXGroup;
			children = (
				A5367D511E7AA3DD005DC731 /* YYHEssenceViewController.h */,
				A5367D521E7AA3DD005DC731 /* YYHEssenceViewController.m */,
			);
			path = Controller;
			sourceTree = "<group>";
		};
		A5367D371E7AA055005DC731 /* Model */ = {
			isa = PBXGroup;
			children = (
			);
			path = Model;
			sourceTree = "<group>";
		};
		A5367D381E7AA055005DC731 /* View */ = {
			isa = PBXGroup;
			children = (
			);
			path = View;
			sourceTree = "<group>";
		};
		A5367D391E7AA055005DC731 /* FriendTrends-关注 */ = {
			isa = PBXGroup;
			children = (
				A5367D3A1E7AA055005DC731 /* Controller */,
				A5367D3B1E7AA055005DC731 /* Model */,
				A5367D3C1E7AA055005DC731 /* View */,
			);
			path = "FriendTrends-关注";
			sourceTree = "<group>";
		};
		A5367D3A1E7AA055005DC731 /* Controller */ = {
			isa = PBXGroup;
			children = (
				A5367D571E7AA429005DC731 /* YYHFriendViewController.h */,
				A5367D581E7AA429005DC731 /* YYHFriendViewController.m */,
				A57155BD1E83B76F007777E6 /* YYHLogNRegisterViewController.h */,
				A57155BE1E83B76F007777E6 /* YYHLogNRegisterViewController.m */,
				A57155BF1E83B76F007777E6 /* YYHLogNRegisterViewController.xib */,
				A57155BB1E83A5A6007777E6 /* YYHFriendViewController.xib */,
			);
			path = Controller;
			sourceTree = "<group>";
		};
		A5367D3B1E7AA055005DC731 /* Model */ = {
			isa = PBXGroup;
			children = (
			);
			path = Model;
			sourceTree = "<group>";
		};
		A5367D3C1E7AA055005DC731 /* View */ = {
			isa = PBXGroup;
			children = (
				A57155CA1E83CBD7007777E6 /* YYHRegisterView.h */,
				A57155CB1E83CBD7007777E6 /* YYHRegisterView.m */,
				A57155CD1E83CBDE007777E6 /* YYHRegisterView.xib */,
				A57155CF1E850350007777E6 /* YYHFastLoginView.h */,
				A57155D01E850350007777E6 /* YYHFastLoginView.m */,
				A57155D41E850C66007777E6 /* YYHFastButton.h */,
				A57155D51E850C66007777E6 /* YYHFastButton.m */,
				A57155D21E850356007777E6 /* YYHFastLoginView.xib */,
				A57155D71E865C13007777E6 /* YYHTextField.h */,
				A57155D81E865C13007777E6 /* YYHTextField.m */,
			);
			path = View;
			sourceTree = "<group>";
		};
		A5367D3D1E7AA055005DC731 /* Me-我 */ = {
			isa = PBXGroup;
			children = (
				A5367D3E1E7AA055005DC731 /* Controller */,
				A5367D3F1E7AA055005DC731 /* Model */,
				A5367D401E7AA055005DC731 /* View */,
			);
			path = "Me-我";
			sourceTree = "<group>";
		};
		A5367D3E1E7AA055005DC731 /* Controller */ = {
			isa = PBXGroup;
			children = (
				A5367D5A1E7AA43D005DC731 /* YYHMeTableViewController.h */,
				A5367D5B1E7AA43D005DC731 /* YYHMeTableViewController.m */,
				A57155DD1E870349007777E6 /* YYHMeTableViewController.storyboard */,
			);
			path = Controller;
			sourceTree = "<group>";
		};
		A5367D3F1E7AA055005DC731 /* Model */ = {
			isa = PBXGroup;
			children = (
			);
			path = Model;
			sourceTree = "<group>";
		};
		A5367D401E7AA055005DC731 /* View */ = {
			isa = PBXGroup;
			children = (
			);
			path = View;
			sourceTree = "<group>";
		};
		A5367D411E7AA055005DC731 /* New-新帖 */ = {
			isa = PBXGroup;
			children = (
				A5367D421E7AA055005DC731 /* Controller */,
				A5367D431E7AA055005DC731 /* Model */,
				A57155B01E8140C1007777E6 /* YYHTagItem.h */,
				A57155B11E8140C1007777E6 /* YYHTagItem.m */,
				A5367D441E7AA055005DC731 /* View */,
			);
			path = "New-新帖";
			sourceTree = "<group>";
		};
		A5367D421E7AA055005DC731 /* Controller */ = {
			isa = PBXGroup;
			children = (
				A5367D541E7AA407005DC731 /* YYHNewViewController.h */,
				A5367D551E7AA407005DC731 /* YYHNewViewController.m */,
				A57155AD1E813B91007777E6 /* YYHSubscribeController.h */,
				A57155AE1E813B91007777E6 /* YYHSubscribeController.m */,
			);
			path = Controller;
			sourceTree = "<group>";
		};
		A5367D431E7AA055005DC731 /* Model */ = {
			isa = PBXGroup;
			children = (
			);
			path = Model;
			sourceTree = "<group>";
		};
		A5367D441E7AA055005DC731 /* View */ = {
			isa = PBXGroup;
			children = (
				A57155B61E82537F007777E6 /* YYHTagCellTableViewCell.h */,
				A57155B71E82537F007777E6 /* YYHTagCellTableViewCell.m */,
				A57155B81E82537F007777E6 /* YYHTagCellTableViewCell.xib */,
			);
			path = View;
			sourceTree = "<group>";
		};
		A5367D451E7AA055005DC731 /* Other-其他 */ = {
			isa = PBXGroup;
			children = (
				A5367D6A1E7B2351005DC731 /* Categories */,
				A5367D461E7AA055005DC731 /* AppDelegate.h */,
				A5367D471E7AA055005DC731 /* AppDelegate.m */,
				A5367D481E7AA055005DC731 /* main.m */,
				A5367D6F1E7D2A35005DC731 /* Budejie.pch */,
			);
			path = "Other-其他";
			sourceTree = "<group>";
		};
		A5367D491E7AA055005DC731 /* Publish-发布 */ = {
			isa = PBXGroup;
			children = (
				A5367D4A1E7AA055005DC731 /* Controller */,
				A5367D4B1E7AA055005DC731 /* Model */,
				A5367D4C1E7AA055005DC731 /* View */,
			);
			path = "Publish-发布";
			sourceTree = "<group>";
		};
		A5367D4A1E7AA055005DC731 /* Controller */ = {
			isa = PBXGroup;
			children = (
				A5367D5D1E7AA456005DC731 /* YYHPublishViewController.h */,
				A5367D5E1E7AA456005DC731 /* YYHPublishViewController.m */,
			);
			path = Controller;
			sourceTree = "<group>";
		};
		A5367D4B1E7AA055005DC731 /* Model */ = {
			isa = PBXGroup;
			children = (
			);
			path = Model;
			sourceTree = "<group>";
		};
		A5367D4C1E7AA055005DC731 /* View */ = {
			isa = PBXGroup;
			children = (
			);
			path = View;
			sourceTree = "<group>";
		};
		A5367D601E7AAAAF005DC731 /* Main */ = {
			isa = PBXGroup;
			children = (
				A5367D611E7AAAAF005DC731 /* Controller */,
				A5367D621E7AAAAF005DC731 /* Model */,
				A5367D631E7AAAAF005DC731 /* View */,
			);
			name = Main;
			path = "Other-其他/Main";
			sourceTree = "<group>";
		};
		A5367D611E7AAAAF005DC731 /* Controller */ = {
			isa = PBXGroup;
			children = (
				A5367D671E7AAB4C005DC731 /* YYHTabBarController.h */,
				A5367D681E7AAB4C005DC731 /* YYHTabBarController.m */,
				A5367D821E7E892B005DC731 /* YYHNavigationViewController.h */,
				A5367D831E7E892B005DC731 /* YYHNavigationViewController.m */,
			);
			path = Controller;
			sourceTree = "<group>";
		};
		A5367D621E7AAAAF005DC731 /* Model */ = {
			isa = PBXGroup;
			children = (
			);
			path = Model;
			sourceTree = "<group>";
		};
		A5367D631E7AAAAF005DC731 /* View */ = {
			isa = PBXGroup;
			children = (
				A5367D791E7D34A3005DC731 /* YYHTabBar.h */,
				A5367D7A1E7D34A3005DC731 /* YYHTabBar.m */,
			);
			path = View;
			sourceTree = "<group>";
		};
		A5367D6A1E7B2351005DC731 /* Categories */ = {
			isa = PBXGroup;
			children = (
				A5367D6B1E7B2351005DC731 /* UIImage+WithoutRendering.h */,
				A5367D6C1E7B2351005DC731 /* UIImage+WithoutRendering.m */,
				A5367D701E7D2CD2005DC731 /* UIView+YYHFrame.h */,
				A5367D711E7D2CD2005DC731 /* UIView+YYHFrame.m */,
				A5367D7C1E7D44BD005DC731 /* UIBarButtonItem+YYHBarButton.h */,
				A5367D7D1E7D44BD005DC731 /* UIBarButtonItem+YYHBarButton.m */,
				A57155DA1E8670A1007777E6 /* UITextField+YYHPlaceHolderColor.h */,
				A57155DB1E8670A1007777E6 /* UITextField+YYHPlaceHolderColor.m */,
			);
			name = Categories;
			path = Main/Categories;
			sourceTree = "<group>";
		};
		A5367D851E7E9047005DC731 /* Setting-设置 */ = {
			isa = PBXGroup;
			children = (
				A5367D861E7E9047005DC731 /* Controller */,
				A5367D871E7E9047005DC731 /* Model */,
				A5367D881E7E9047005DC731 /* View */,
			);
			path = "Setting-设置";
			sourceTree = "<group>";
		};
		A5367D861E7E9047005DC731 /* Controller */ = {
			isa = PBXGroup;
			children = (
				A5367D891E7E9073005DC731 /* YYHSettingTableViewController.h */,
				A5367D8A1E7E9073005DC731 /* YYHSettingTableViewController.m */,
			);
			path = Controller;
			sourceTree = "<group>";
		};
		A5367D871E7E9047005DC731 /* Model */ = {
			isa = PBXGroup;
			children = (
			);
			path = Model;
			sourceTree = "<group>";
		};
		A5367D881E7E9047005DC731 /* View */ = {
			isa = PBXGroup;
			children = (
			);
			path = View;
			sourceTree = "<group>";
		};
		A5367D8C1E7F29EE005DC731 /* Ad-广告 */ = {
			isa = PBXGroup;
			children = (
				A5367D8D1E7F29EE005DC731 /* Controller */,
				A5367D8E1E7F29EE005DC731 /* Model */,
				A5367D8F1E7F29EE005DC731 /* View */,
			);
			path = "Ad-广告";
			sourceTree = "<group>";
		};
		A5367D8D1E7F29EE005DC731 /* Controller */ = {
			isa = PBXGroup;
			children = (
				A5367D901E7F2A91005DC731 /* YYHAdViewController.h */,
				A5367D911E7F2A91005DC731 /* YYHAdViewController.m */,
				A5367DA61E7FCA77005DC731 /* YYHAdViewController.xib */,
			);
			path = Controller;
			sourceTree = "<group>";
		};
		A5367D8E1E7F29EE005DC731 /* Model */ = {
			isa = PBXGroup;
			children = (
				A57155A71E7FEEFC007777E6 /* YYHADItem.h */,
				A57155A81E7FEEFC007777E6 /* YYHADItem.m */,
			);
			path = Model;
			sourceTree = "<group>";
		};
		A5367D8F1E7F29EE005DC731 /* View */ = {
			isa = PBXGroup;
			children = (
			);
			path = View;
			sourceTree = "<group>";
		};
		A5367D971E7FC40F005DC731 /* 启动图片 */ = {
			isa = PBXGroup;
			children = (
				A5367D981E7FC40F005DC731 /* LaunchImage-568h@2x.png */,
				A5367D991E7FC40F005DC731 /* LaunchImage-700-568h@2x.png */,
				A5367D9A1E7FC40F005DC731 /* LaunchImage-700@2x.png */,
				A5367D9B1E7FC40F005DC731 /* LaunchImage-800-667h@2x.png */,
				A5367D9C1E7FC40F005DC731 /* LaunchImage-800-Portrait-736h@3x.png */,
				A5367D9D1E7FC40F005DC731 /* LaunchImage.png */,
				A5367D9E1E7FC40F005DC731 /* LaunchImage@2x.png */,
			);
			path = "启动图片";
			sourceTree = "<group>";
		};
		AED90785FA4AE1F4EF3DD882 /* Frameworks */ = {
			isa = PBXGroup;
			children = (
				200A53EF94387F14359C3388 /* libPods-17_03_16_Budejie.a */,
			);
			name = Frameworks;
			sourceTree = "<group>";
		};
		F2857F049AFE48E113E079E7 /* Pods */ = {
			isa = PBXGroup;
			children = (
				4A23243B07E243CF57E18830 /* Pods-17_03_16_Budejie.debug.xcconfig */,
				F163615A6F24117DBDB43D62 /* Pods-17_03_16_Budejie.release.xcconfig */,
			);
			name = Pods;
			sourceTree = "<group>";
		};
/* End PBXGroup section */

/* Begin PBXNativeTarget section */
		A5367D191E7AA005005DC731 /* 17_03_16_Budejie */ = {
			isa = PBXNativeTarget;
			buildConfigurationList = A5367D311E7AA005005DC731 /* Build configuration list for PBXNativeTarget "17_03_16_Budejie" */;
			buildPhases = (
				7E6719A7D395CED15B2B2BD1 /* [CP] Check Pods Manifest.lock */,
				A5367D161E7AA005005DC731 /* Sources */,
				A5367D171E7AA005005DC731 /* Frameworks */,
				A5367D181E7AA005005DC731 /* Resources */,
				B5DDC28080061A225BBF5D5F /* [CP] Embed Pods Frameworks */,
				E0AFF8FB11C05D64409D3B62 /* [CP] Copy Pods Resources */,
			);
			buildRules = (
			);
			dependencies = (
			);
			name = 17_03_16_Budejie;
			productName = 17_03_16_Budejie;
			productReference = A5367D1A1E7AA005005DC731 /* 17_03_16_Budejie.app */;
			productType = "com.apple.product-type.application";
		};
/* End PBXNativeTarget section */

/* Begin PBXProject section */
		A5367D121E7AA005005DC731 /* Project object */ = {
			isa = PBXProject;
			attributes = {
				CLASSPREFIX = YYH;
				LastUpgradeCheck = 0820;
				ORGANIZATIONNAME = "姚懿恒";
				TargetAttributes = {
					A5367D191E7AA005005DC731 = {
						CreatedOnToolsVersion = 8.2.1;
						ProvisioningStyle = Automatic;
					};
				};
			};
			buildConfigurationList = A5367D151E7AA005005DC731 /* Build configuration list for PBXProject "17_03_16_Budejie" */;
			compatibilityVersion = "Xcode 3.2";
			developmentRegion = English;
			hasScannedForEncodings = 0;
			knownRegions = (
				en,
				Base,
			);
			mainGroup = A5367D111E7AA005005DC731;
			productRefGroup = A5367D1B1E7AA005005DC731 /* Products */;
			projectDirPath = "";
			projectRoot = "";
			targets = (
				A5367D191E7AA005005DC731 /* 17_03_16_Budejie */,
			);
		};
/* End PBXProject section */

/* Begin PBXResourcesBuildPhase section */
		A5367D181E7AA005005DC731 /* Resources */ = {
			isa = PBXResourcesBuildPhase;
			buildActionMask = 2147483647;
			files = (
				A57155C11E83B76F007777E6 /* YYHLogNRegisterViewController.xib in Resources */,
				A57155D31E850356007777E6 /* YYHFastLoginView.xib in Resources */,
				A5367DA71E7FCA77005DC731 /* YYHAdViewController.xib in Resources */,
				A57155CE1E83CBDE007777E6 /* YYHRegisterView.xib in Resources */,
				A57155DE1E870349007777E6 /* YYHMeTableViewController.storyboard in Resources */,
				A5367D2D1E7AA005005DC731 /* LaunchScreen.storyboard in Resources */,
				A5367DA31E7FC40F005DC731 /* LaunchImage-800-Portrait-736h@3x.png in Resources */,
				A5367D2A1E7AA005005DC731 /* Assets.xcassets in Resources */,
				A57155BC1E83A5A6007777E6 /* YYHFriendViewController.xib in Resources */,
				A5367DA51E7FC40F005DC731 /* LaunchImage@2x.png in Resources */,
				A57155BA1E82537F007777E6 /* YYHTagCellTableViewCell.xib in Resources */,
				A5367DA01E7FC40F005DC731 /* LaunchImage-700-568h@2x.png in Resources */,
				A5367DA21E7FC40F005DC731 /* LaunchImage-800-667h@2x.png in Resources */,
				A5367D9F1E7FC40F005DC731 /* LaunchImage-568h@2x.png in Resources */,
				A5367DA41E7FC40F005DC731 /* LaunchImage.png in Resources */,
				A5367DA11E7FC40F005DC731 /* LaunchImage-700@2x.png in Resources */,
				A5367D281E7AA005005DC731 /* Main.storyboard in Resources */,
			);
			runOnlyForDeploymentPostprocessing = 0;
		};
/* End PBXResourcesBuildPhase section */

/* Begin PBXShellScriptBuildPhase section */
		7E6719A7D395CED15B2B2BD1 /* [CP] Check Pods Manifest.lock */ = {
			isa = PBXShellScriptBuildPhase;
			buildActionMask = 2147483647;
			files = (
			);
			inputPaths = (
			);
			name = "[CP] Check Pods Manifest.lock";
			outputPaths = (
			);
			runOnlyForDeploymentPostprocessing = 0;
			shellPath = /bin/sh;
			shellScript = "diff \"${PODS_ROOT}/../Podfile.lock\" \"${PODS_ROOT}/Manifest.lock\" > /dev/null\nif [ $? != 0 ] ; then\n    # print error to STDERR\n    echo \"error: The sandbox is not in sync with the Podfile.lock. Run 'pod install' or update your CocoaPods installation.\" >&2\n    exit 1\nfi\n";
			showEnvVarsInLog = 0;
		};
		B5DDC28080061A225BBF5D5F /* [CP] Embed Pods Frameworks */ = {
			isa = PBXShellScriptBuildPhase;
			buildActionMask = 2147483647;
			files = (
			);
			inputPaths = (
			);
			name = "[CP] Embed Pods Frameworks";
			outputPaths = (
			);
			runOnlyForDeploymentPostprocessing = 0;
			shellPath = /bin/sh;
			shellScript = "\"${SRCROOT}/Pods/Target Support Files/Pods-17_03_16_Budejie/Pods-17_03_16_Budejie-frameworks.sh\"\n";
			showEnvVarsInLog = 0;
		};
		E0AFF8FB11C05D64409D3B62 /* [CP] Copy Pods Resources */ = {
			isa = PBXShellScriptBuildPhase;
			buildActionMask = 2147483647;
			files = (
			);
			inputPaths = (
			);
			name = "[CP] Copy Pods Resources";
			outputPaths = (
			);
			runOnlyForDeploymentPostprocessing = 0;
			shellPath = /bin/sh;
			shellScript = "\"${SRCROOT}/Pods/Target Support Files/Pods-17_03_16_Budejie/Pods-17_03_16_Budejie-resources.sh\"\n";
			showEnvVarsInLog = 0;
		};
/* End PBXShellScriptBuildPhase section */

/* Begin PBXSourcesBuildPhase section */
		A5367D161E7AA005005DC731 /* Sources */ = {
			isa = PBXSourcesBuildPhase;
			buildActionMask = 2147483647;
			files = (
				A5367D5F1E7AA456005DC731 /* YYHPublishViewController.m in Sources */,
				A5367D7B1E7D34A3005DC731 /* YYHTabBar.m in Sources */,
				A5367D6D1E7B2351005DC731 /* UIImage+WithoutRendering.m in Sources */,
				A5367D561E7AA407005DC731 /* YYHNewViewController.m in Sources */,
				A57155DC1E8670A1007777E6 /* UITextField+YYHPlaceHolderColor.m in Sources */,
				A57155AF1E813B91007777E6 /* YYHSubscribeController.m in Sources */,
				A57155B91E82537F007777E6 /* YYHTagCellTableViewCell.m in Sources */,
				A57155A91E7FEEFC007777E6 /* YYHADItem.m in Sources */,
				A57155D61E850C66007777E6 /* YYHFastButton.m in Sources */,
				A5367D721E7D2CD2005DC731 /* UIView+YYHFrame.m in Sources */,
				A5367D8B1E7E9073005DC731 /* YYHSettingTableViewController.m in Sources */,
				A57155CC1E83CBD7007777E6 /* YYHRegisterView.m in Sources */,
				A57155B21E8140C1007777E6 /* YYHTagItem.m in Sources */,
				A5367D7E1E7D44BD005DC731 /* UIBarButtonItem+YYHBarButton.m in Sources */,
				A5367D691E7AAB4C005DC731 /* YYHTabBarController.m in Sources */,
				A57155D11E850350007777E6 /* YYHFastLoginView.m in Sources */,
				A5367D531E7AA3DD005DC731 /* YYHEssenceViewController.m in Sources */,
				A5367D4E1E7AA055005DC731 /* main.m in Sources */,
				A5367D4D1E7AA055005DC731 /* AppDelegate.m in Sources */,
				A5367D841E7E892B005DC731 /* YYHNavigationViewController.m in Sources */,
				A57155C01E83B76F007777E6 /* YYHLogNRegisterViewController.m in Sources */,
				A57155D91E865C13007777E6 /* YYHTextField.m in Sources */,
				A5367D931E7F2A91005DC731 /* YYHAdViewController.m in Sources */,
				A5367D5C1E7AA43D005DC731 /* YYHMeTableViewController.m in Sources */,
				A5367D591E7AA429005DC731 /* YYHFriendViewController.m in Sources */,
			);
			runOnlyForDeploymentPostprocessing = 0;
		};
/* End PBXSourcesBuildPhase section */

/* Begin PBXVariantGroup section */
		A5367D261E7AA005005DC731 /* Main.storyboard */ = {
			isa = PBXVariantGroup;
			children = (
				A5367D271E7AA005005DC731 /* Base */,
			);
			name = Main.storyboard;
			sourceTree = "<group>";
		};
		A5367D2B1E7AA005005DC731 /* LaunchScreen.storyboard */ = {
			isa = PBXVariantGroup;
			children = (
				A5367D2C1E7AA005005DC731 /* Base */,
			);
			name = LaunchScreen.storyboard;
			sourceTree = "<group>";
		};
/* End PBXVariantGroup section */

/* Begin XCBuildConfiguration section */
		A5367D2F1E7AA005005DC731 /* Debug */ = {
			isa = XCBuildConfiguration;
			buildSettings = {
				ALWAYS_SEARCH_USER_PATHS = NO;
				CLANG_ANALYZER_NONNULL = YES;
				CLANG_CXX_LANGUAGE_STANDARD = "gnu++0x";
				CLANG_CXX_LIBRARY = "libc++";
				CLANG_ENABLE_MODULES = YES;
				CLANG_ENABLE_OBJC_ARC = YES;
				CLANG_WARN_BOOL_CONVERSION = YES;
				CLANG_WARN_CONSTANT_CONVERSION = YES;
				CLANG_WARN_DIRECT_OBJC_ISA_USAGE = YES_ERROR;
				CLANG_WARN_DOCUMENTATION_COMMENTS = YES;
				CLANG_WARN_EMPTY_BODY = YES;
				CLANG_WARN_ENUM_CONVERSION = YES;
				CLANG_WARN_INFINITE_RECURSION = YES;
				CLANG_WARN_INT_CONVERSION = YES;
				CLANG_WARN_OBJC_ROOT_CLASS = YES_ERROR;
				CLANG_WARN_SUSPICIOUS_MOVE = YES;
				CLANG_WARN_UNREACHABLE_CODE = YES;
				CLANG_WARN__DUPLICATE_METHOD_MATCH = YES;
				"CODE_SIGN_IDENTITY[sdk=iphoneos*]" = "iPhone Developer";
				COPY_PHASE_STRIP = NO;
				DEBUG_INFORMATION_FORMAT = dwarf;
				ENABLE_STRICT_OBJC_MSGSEND = YES;
				ENABLE_TESTABILITY = YES;
				GCC_C_LANGUAGE_STANDARD = gnu99;
				GCC_DYNAMIC_NO_PIC = NO;
				GCC_NO_COMMON_BLOCKS = YES;
				GCC_OPTIMIZATION_LEVEL = 0;
				GCC_PREPROCESSOR_DEFINITIONS = (
					"DEBUG=1",
					"$(inherited)",
				);
				GCC_WARN_64_TO_32_BIT_CONVERSION = YES;
				GCC_WARN_ABOUT_RETURN_TYPE = YES_ERROR;
				GCC_WARN_UNDECLARED_SELECTOR = YES;
				GCC_WARN_UNINITIALIZED_AUTOS = YES_AGGRESSIVE;
				GCC_WARN_UNUSED_FUNCTION = YES;
				GCC_WARN_UNUSED_VARIABLE = YES;
				IPHONEOS_DEPLOYMENT_TARGET = 10.2;
				MTL_ENABLE_DEBUG_INFO = YES;
				ONLY_ACTIVE_ARCH = YES;
				SDKROOT = iphoneos;
			};
			name = Debug;
		};
		A5367D301E7AA005005DC731 /* Release */ = {
			isa = XCBuildConfiguration;
			buildSettings = {
				ALWAYS_SEARCH_USER_PATHS = NO;
				CLANG_ANALYZER_NONNULL = YES;
				CLANG_CXX_LANGUAGE_STANDARD = "gnu++0x";
				CLANG_CXX_LIBRARY = "libc++";
				CLANG_ENABLE_MODULES = YES;
				CLANG_ENABLE_OBJC_ARC = YES;
				CLANG_WARN_BOOL_CONVERSION = YES;
				CLANG_WARN_CONSTANT_CONVERSION = YES;
				CLANG_WARN_DIRECT_OBJC_ISA_USAGE = YES_ERROR;
				CLANG_WARN_DOCUMENTATION_COMMENTS = YES;
				CLANG_WARN_EMPTY_BODY = YES;
				CLANG_WARN_ENUM_CONVERSION = YES;
				CLANG_WARN_INFINITE_RECURSION = YES;
				CLANG_WARN_INT_CONVERSION = YES;
				CLANG_WARN_OBJC_ROOT_CLASS = YES_ERROR;
				CLANG_WARN_SUSPICIOUS_MOVE = YES;
				CLANG_WARN_UNREACHABLE_CODE = YES;
				CLANG_WARN__DUPLICATE_METHOD_MATCH = YES;
				"CODE_SIGN_IDENTITY[sdk=iphoneos*]" = "iPhone Developer";
				COPY_PHASE_STRIP = NO;
				DEBUG_INFORMATION_FORMAT = "dwarf-with-dsym";
				ENABLE_NS_ASSERTIONS = NO;
				ENABLE_STRICT_OBJC_MSGSEND = YES;
				GCC_C_LANGUAGE_STANDARD = gnu99;
				GCC_NO_COMMON_BLOCKS = YES;
				GCC_WARN_64_TO_32_BIT_CONVERSION = YES;
				GCC_WARN_ABOUT_RETURN_TYPE = YES_ERROR;
				GCC_WARN_UNDECLARED_SELECTOR = YES;
				GCC_WARN_UNINITIALIZED_AUTOS = YES_AGGRESSIVE;
				GCC_WARN_UNUSED_FUNCTION = YES;
				GCC_WARN_UNUSED_VARIABLE = YES;
				IPHONEOS_DEPLOYMENT_TARGET = 10.2;
				MTL_ENABLE_DEBUG_INFO = NO;
				SDKROOT = iphoneos;
				VALIDATE_PRODUCT = YES;
			};
			name = Release;
		};
		A5367D321E7AA005005DC731 /* Debug */ = {
			isa = XCBuildConfiguration;
			baseConfigurationReference = 4A23243B07E243CF57E18830 /* Pods-17_03_16_Budejie.debug.xcconfig */;
			buildSettings = {
				ASSETCATALOG_COMPILER_APPICON_NAME = AppIcon;
				ASSETCATALOG_COMPILER_LAUNCHIMAGE_NAME = LaunchImage;
				GCC_PRECOMPILE_PREFIX_HEADER = YES;
				GCC_PREFIX_HEADER = "17_03_16_Budejie/Classes/Other-其他/Budejie.pch";
				INFOPLIST_FILE = 17_03_16_Budejie/Info.plist;
				IPHONEOS_DEPLOYMENT_TARGET = 9.0;
				LD_RUNPATH_SEARCH_PATHS = "$(inherited) @executable_path/Frameworks";
				PRODUCT_BUNDLE_IDENTIFIER = "com.-7-03-16-Budejie";
				PRODUCT_NAME = "$(TARGET_NAME)";
			};
			name = Debug;
		};
		A5367D331E7AA005005DC731 /* Release */ = {
			isa = XCBuildConfiguration;
			baseConfigurationReference = F163615A6F24117DBDB43D62 /* Pods-17_03_16_Budejie.release.xcconfig */;
			buildSettings = {
				ASSETCATALOG_COMPILER_APPICON_NAME = AppIcon;
				ASSETCATALOG_COMPILER_LAUNCHIMAGE_NAME = LaunchImage;
				GCC_PRECOMPILE_PREFIX_HEADER = YES;
				GCC_PREFIX_HEADER = "17_03_16_Budejie/Classes/Other-其他/Budejie.pch";
				INFOPLIST_FILE = 17_03_16_Budejie/Info.plist;
				IPHONEOS_DEPLOYMENT_TARGET = 9.0;
				LD_RUNPATH_SEARCH_PATHS = "$(inherited) @executable_path/Frameworks";
				PRODUCT_BUNDLE_IDENTIFIER = "com.-7-03-16-Budejie";
				PRODUCT_NAME = "$(TARGET_NAME)";
			};
			name = Release;
		};
/* End XCBuildConfiguration section */

/* Begin XCConfigurationList section */
		A5367D151E7AA005005DC731 /* Build configuration list for PBXProject "17_03_16_Budejie" */ = {
			isa = XCConfigurationList;
			buildConfigurations = (
				A5367D2F1E7AA005005DC731 /* Debug */,
				A5367D301E7AA005005DC731 /* Release */,
			);
			defaultConfigurationIsVisible = 0;
			defaultConfigurationName = Release;
		};
		A5367D311E7AA005005DC731 /* Build configuration list for PBXNativeTarget "17_03_16_Budejie" */ = {
			isa = XCConfigurationList;
			buildConfigurations = (
				A5367D321E7AA005005DC731 /* Debug */,
				A5367D331E7AA005005DC731 /* Release */,
			);
			defaultConfigurationIsVisible = 0;
			defaultConfigurationName = Release;
		};
/* End XCConfigurationList section */
	};
	rootObject = A5367D121E7AA005005DC731 /* Project object */;
}
