// !$*UTF8*$!
{
	archiveVersion = 1;
	classes = {
	};
	objectVersion = 46;
	objects = {

/* Begin PBXBuildFile section */
		A5497F4A1DAF610200FA78C1 /* main.m in Sources */ = {isa = PBXBuildFile; fileRef = A5497F491DAF610200FA78C1 /* main.m */; };
		A5497F4D1DAF610200FA78C1 /* AppDelegate.m in Sources */ = {isa = PBXBuildFile; fileRef = A5497F4C1DAF610200FA78C1 /* AppDelegate.m */; };
		A5497F501DAF610200FA78C1 /* ViewController.m in Sources */ = {isa = PBXBuildFile; fileRef = A5497F4F1DAF610200FA78C1 /* ViewController.m */; };
		A5497F531DAF610200FA78C1 /* Main.storyboard in Resources */ = {isa = PBXBuildFile; fileRef = A5497F511DAF610200FA78C1 /* Main.storyboard */; };
		A5497F551DAF610200FA78C1 /* Assets.xcassets in Resources */ = {isa = PBXBuildFile; fileRef = A5497F541DAF610200FA78C1 /* Assets.xcassets */; };
		A5497F581DAF610200FA78C1 /* LaunchScreen.storyboard in Resources */ = {isa = PBXBuildFile; fileRef = A5497F561DAF610200FA78C1 /* LaunchScreen.storyboard */; };
		A5497F601DAF7A5B00FA78C1 /* shopData.plist in Resources */ = {isa = PBXBuildFile; fileRef = A5497F5F1DAF7A5B00FA78C1 /* shopData.plist */; };
		A5497F631DAF7DE000FA78C1 /* Item.m in Sources */ = {isa = PBXBuildFile; fileRef = A5497F621DAF7DE000FA78C1 /* Item.m */; };
		A5497F981DB4129400FA78C1 /* ItemView.m in Sources */ = {isa = PBXBuildFile; fileRef = A5497F971DB4129400FA78C1 /* ItemView.m */; };
		A5497F9A1DB412A300FA78C1 /* ItemView.xib in Resources */ = {isa = PBXBuildFile; fileRef = A5497F991DB412A300FA78C1 /* ItemView.xib */; };
/* End PBXBuildFile section */

/* Begin PBXFileReference section */
		A5497F451DAF610200FA78C1 /* 16_10_13_03-综合练习.app */ = {isa = PBXFileReference; explicitFileType = wrapper.application; includeInIndex = 0; path = "16_10_13_03-综合练习.app"; sourceTree = BUILT_PRODUCTS_DIR; };
		A5497F491DAF610200FA78C1 /* main.m */ = {isa = PBXFileReference; lastKnownFileType = sourcecode.c.objc; path = main.m; sourceTree = "<group>"; };
		A5497F4B1DAF610200FA78C1 /* AppDelegate.h */ = {isa = PBXFileReference; lastKnownFileType = sourcecode.c.h; path = AppDelegate.h; sourceTree = "<group>"; };
		A5497F4C1DAF610200FA78C1 /* AppDelegate.m */ = {isa = PBXFileReference; lastKnownFileType = sourcecode.c.objc; path = AppDelegate.m; sourceTree = "<group>"; };
		A5497F4E1DAF610200FA78C1 /* ViewController.h */ = {isa = PBXFileReference; lastKnownFileType = sourcecode.c.h; path = ViewController.h; sourceTree = "<group>"; };
		A5497F4F1DAF610200FA78C1 /* ViewController.m */ = {isa = PBXFileReference; lastKnownFileType = sourcecode.c.objc; path = ViewController.m; sourceTree = "<group>"; };
		A5497F521DAF610200FA78C1 /* Base */ = {isa = PBXFileReference; lastKnownFileType = file.storyboard; name = Base; path = Base.lproj/Main.storyboard; sourceTree = "<group>"; };
		A5497F541DAF610200FA78C1 /* Assets.xcassets */ = {isa = PBXFileReference; lastKnownFileType = folder.assetcatalog; path = Assets.xcassets; sourceTree = "<group>"; };
		A5497F571DAF610200FA78C1 /* Base */ = {isa = PBXFileReference; lastKnownFileType = file.storyboard; name = Base; path = Base.lproj/LaunchScreen.storyboard; sourceTree = "<group>"; };
		A5497F591DAF610200FA78C1 /* Info.plist */ = {isa = PBXFileReference; lastKnownFileType = text.plist.xml; path = Info.plist; sourceTree = "<group>"; };
		A5497F5F1DAF7A5B00FA78C1 /* shopData.plist */ = {isa = PBXFileReference; fileEncoding = 4; lastKnownFileType = text.plist.xml; path = shopData.plist; sourceTree = "<group>"; };
		A5497F611DAF7DE000FA78C1 /* Item.h */ = {isa = PBXFileReference; fileEncoding = 4; lastKnownFileType = sourcecode.c.h; path = Item.h; sourceTree = "<group>"; };
		A5497F621DAF7DE000FA78C1 /* Item.m */ = {isa = PBXFileReference; fileEncoding = 4; lastKnownFileType = sourcecode.c.objc; path = Item.m; sourceTree = "<group>"; };
		A5497F961DB4129400FA78C1 /* ItemView.h */ = {isa = PBXFileReference; fileEncoding = 4; lastKnownFileType = sourcecode.c.h; name = ItemView.h; path = ../ItemView.h; sourceTree = "<group>"; };
		A5497F971DB4129400FA78C1 /* ItemView.m */ = {isa = PBXFileReference; fileEncoding = 4; lastKnownFileType = sourcecode.c.objc; name = ItemView.m; path = ../ItemView.m; sourceTree = "<group>"; };
		A5497F991DB412A300FA78C1 /* ItemView.xib */ = {isa = PBXFileReference; fileEncoding = 4; lastKnownFileType = file.xib; name = ItemView.xib; path = ../ItemView.xib; sourceTree = "<group>"; };
/* End PBXFileReference section */

/* Begin PBXFrameworksBuildPhase section */
		A5497F421DAF610200FA78C1 /* Frameworks */ = {
			isa = PBXFrameworksBuildPhase;
			buildActionMask = 2147483647;
			files = (
			);
			runOnlyForDeploymentPostprocessing = 0;
		};
/* End PBXFrameworksBuildPhase section */

/* Begin PBXGroup section */
		A5497F3C1DAF610200FA78C1 = {
			isa = PBXGroup;
			children = (
				A5497F471DAF610200FA78C1 /* 16_10_13_03-综合练习 */,
				A5497F461DAF610200FA78C1 /* Products */,
				A5497F5F1DAF7A5B00FA78C1 /* shopData.plist */,
			);
			sourceTree = "<group>";
		};
		A5497F461DAF610200FA78C1 /* Products */ = {
			isa = PBXGroup;
			children = (
				A5497F451DAF610200FA78C1 /* 16_10_13_03-综合练习.app */,
			);
			name = Products;
			sourceTree = "<group>";
		};
		A5497F471DAF610200FA78C1 /* 16_10_13_03-综合练习 */ = {
			isa = PBXGroup;
			children = (
				A5497F4B1DAF610200FA78C1 /* AppDelegate.h */,
				A5497F4C1DAF610200FA78C1 /* AppDelegate.m */,
				A5497F4E1DAF610200FA78C1 /* ViewController.h */,
				A5497F4F1DAF610200FA78C1 /* ViewController.m */,
				A5497F611DAF7DE000FA78C1 /* Item.h */,
				A5497F621DAF7DE000FA78C1 /* Item.m */,
				A5497F961DB4129400FA78C1 /* ItemView.h */,
				A5497F971DB4129400FA78C1 /* ItemView.m */,
				A5497F991DB412A300FA78C1 /* ItemView.xib */,
				A5497F511DAF610200FA78C1 /* Main.storyboard */,
				A5497F541DAF610200FA78C1 /* Assets.xcassets */,
				A5497F561DAF610200FA78C1 /* LaunchScreen.storyboard */,
				A5497F591DAF610200FA78C1 /* Info.plist */,
				A5497F481DAF610200FA78C1 /* Supporting Files */,
			);
			path = "16_10_13_03-综合练习";
			sourceTree = "<group>";
		};
		A5497F481DAF610200FA78C1 /* Supporting Files */ = {
			isa = PBXGroup;
			children = (
				A5497F491DAF610200FA78C1 /* main.m */,
			);
			name = "Supporting Files";
			sourceTree = "<group>";
		};
/* End PBXGroup section */

/* Begin PBXNativeTarget section */
		A5497F441DAF610200FA78C1 /* 16_10_13_03-综合练习 */ = {
			isa = PBXNativeTarget;
			buildConfigurationList = A5497F5C1DAF610200FA78C1 /* Build configuration list for PBXNativeTarget "16_10_13_03-综合练习" */;
			buildPhases = (
				A5497F411DAF610200FA78C1 /* Sources */,
				A5497F421DAF610200FA78C1 /* Frameworks */,
				A5497F431DAF610200FA78C1 /* Resources */,
			);
			buildRules = (
			);
			dependencies = (
			);
			name = "16_10_13_03-综合练习";
			productName = "16_10_13_03-综合练习";
			productReference = A5497F451DAF610200FA78C1 /* 16_10_13_03-综合练习.app */;
			productType = "com.apple.product-type.application";
		};
/* End PBXNativeTarget section */

/* Begin PBXProject section */
		A5497F3D1DAF610200FA78C1 /* Project object */ = {
			isa = PBXProject;
			attributes = {
				CLASSPREFIX = YH;
				LastUpgradeCheck = 0800;
				ORGANIZATIONNAME = "姚懿恒";
				TargetAttributes = {
					A5497F441DAF610200FA78C1 = {
						CreatedOnToolsVersion = 8.0;
						ProvisioningStyle = Automatic;
					};
				};
			};
			buildConfigurationList = A5497F401DAF610200FA78C1 /* Build configuration list for PBXProject "16_10_13_03-综合练习" */;
			compatibilityVersion = "Xcode 3.2";
			developmentRegion = English;
			hasScannedForEncodings = 0;
			knownRegions = (
				en,
				Base,
			);
			mainGroup = A5497F3C1DAF610200FA78C1;
			productRefGroup = A5497F461DAF610200FA78C1 /* Products */;
			projectDirPath = "";
			projectRoot = "";
			targets = (
				A5497F441DAF610200FA78C1 /* 16_10_13_03-综合练习 */,
			);
		};
/* End PBXProject section */

/* Begin PBXResourcesBuildPhase section */
		A5497F431DAF610200FA78C1 /* Resources */ = {
			isa = PBXResourcesBuildPhase;
			buildActionMask = 2147483647;
			files = (
				A5497F601DAF7A5B00FA78C1 /* shopData.plist in Resources */,
				A5497F581DAF610200FA78C1 /* LaunchScreen.storyboard in Resources */,
				A5497F9A1DB412A300FA78C1 /* ItemView.xib in Resources */,
				A5497F551DAF610200FA78C1 /* Assets.xcassets in Resources */,
				A5497F531DAF610200FA78C1 /* Main.storyboard in Resources */,
			);
			runOnlyForDeploymentPostprocessing = 0;
		};
/* End PBXResourcesBuildPhase section */

/* Begin PBXSourcesBuildPhase section */
		A5497F411DAF610200FA78C1 /* Sources */ = {
			isa = PBXSourcesBuildPhase;
			buildActionMask = 2147483647;
			files = (
				A5497F981DB4129400FA78C1 /* ItemView.m in Sources */,
				A5497F631DAF7DE000FA78C1 /* Item.m in Sources */,
				A5497F501DAF610200FA78C1 /* ViewController.m in Sources */,
				A5497F4D1DAF610200FA78C1 /* AppDelegate.m in Sources */,
				A5497F4A1DAF610200FA78C1 /* main.m in Sources */,
			);
			runOnlyForDeploymentPostprocessing = 0;
		};
/* End PBXSourcesBuildPhase section */

/* Begin PBXVariantGroup section */
		A5497F511DAF610200FA78C1 /* Main.storyboard */ = {
			isa = PBXVariantGroup;
			children = (
				A5497F521DAF610200FA78C1 /* Base */,
			);
			name = Main.storyboard;
			sourceTree = "<group>";
		};
		A5497F561DAF610200FA78C1 /* LaunchScreen.storyboard */ = {
			isa = PBXVariantGroup;
			children = (
				A5497F571DAF610200FA78C1 /* Base */,
			);
			name = LaunchScreen.storyboard;
			sourceTree = "<group>";
		};
/* End PBXVariantGroup section */

/* Begin XCBuildConfiguration section */
		A5497F5A1DAF610200FA78C1 /* Debug */ = {
			isa = XCBuildConfiguration;
			buildSettings = {
				ALWAYS_SEARCH_USER_PATHS = NO;
				CLANG_ANALYZER_NONNULL = YES;
				CLANG_CXX_LANGUAGE_STANDARD = "gnu++0x";
				CLANG_CXX_LIBRARY = "libc++";
				CLANG_ENABLE_MODULES = YES;
				CLANG_ENABLE_OBJC_ARC = YES;
				CLANG_WARN_BOOL_CONVERSION = YES;
				CLANG_WARN_CONSTANT_CONVERSION = YES;
				CLANG_WARN_DIRECT_OBJC_ISA_USAGE = YES_ERROR;
				CLANG_WARN_DOCUMENTATION_COMMENTS = YES;
				CLANG_WARN_EMPTY_BODY = YES;
				CLANG_WARN_ENUM_CONVERSION = YES;
				CLANG_WARN_INFINITE_RECURSION = YES;
				CLANG_WARN_INT_CONVERSION = YES;
				CLANG_WARN_OBJC_ROOT_CLASS = YES_ERROR;
				CLANG_WARN_SUSPICIOUS_MOVES = YES;
				CLANG_WARN_UNREACHABLE_CODE = YES;
				CLANG_WARN__DUPLICATE_METHOD_MATCH = YES;
				"CODE_SIGN_IDENTITY[sdk=iphoneos*]" = "iPhone Developer";
				COPY_PHASE_STRIP = NO;
				DEBUG_INFORMATION_FORMAT = dwarf;
				ENABLE_STRICT_OBJC_MSGSEND = YES;
				ENABLE_TESTABILITY = YES;
				GCC_C_LANGUAGE_STANDARD = gnu99;
				GCC_DYNAMIC_NO_PIC = NO;
				GCC_NO_COMMON_BLOCKS = YES;
				GCC_OPTIMIZATION_LEVEL = 0;
				GCC_PREPROCESSOR_DEFINITIONS = (
					"DEBUG=1",
					"$(inherited)",
				);
				GCC_WARN_64_TO_32_BIT_CONVERSION = YES;
				GCC_WARN_ABOUT_RETURN_TYPE = YES_ERROR;
				GCC_WARN_UNDECLARED_SELECTOR = YES;
				GCC_WARN_UNINITIALIZED_AUTOS = YES_AGGRESSIVE;
				GCC_WARN_UNUSED_FUNCTION = YES;
				GCC_WARN_UNUSED_VARIABLE = YES;
				IPHONEOS_DEPLOYMENT_TARGET = 10.0;
				MTL_ENABLE_DEBUG_INFO = YES;
				ONLY_ACTIVE_ARCH = YES;
				SDKROOT = iphoneos;
			};
			name = Debug;
		};
		A5497F5B1DAF610200FA78C1 /* Release */ = {
			isa = XCBuildConfiguration;
			buildSettings = {
				ALWAYS_SEARCH_USER_PATHS = NO;
				CLANG_ANALYZER_NONNULL = YES;
				CLANG_CXX_LANGUAGE_STANDARD = "gnu++0x";
				CLANG_CXX_LIBRARY = "libc++";
				CLANG_ENABLE_MODULES = YES;
				CLANG_ENABLE_OBJC_ARC = YES;
				CLANG_WARN_BOOL_CONVERSION = YES;
				CLANG_WARN_CONSTANT_CONVERSION = YES;
				CLANG_WARN_DIRECT_OBJC_ISA_USAGE = YES_ERROR;
				CLANG_WARN_DOCUMENTATION_COMMENTS = YES;
				CLANG_WARN_EMPTY_BODY = YES;
				CLANG_WARN_ENUM_CONVERSION = YES;
				CLANG_WARN_INFINITE_RECURSION = YES;
				CLANG_WARN_INT_CONVERSION = YES;
				CLANG_WARN_OBJC_ROOT_CLASS = YES_ERROR;
				CLANG_WARN_SUSPICIOUS_MOVES = YES;
				CLANG_WARN_UNREACHABLE_CODE = YES;
				CLANG_WARN__DUPLICATE_METHOD_MATCH = YES;
				"CODE_SIGN_IDENTITY[sdk=iphoneos*]" = "iPhone Developer";
				COPY_PHASE_STRIP = NO;
				DEBUG_INFORMATION_FORMAT = "dwarf-with-dsym";
				ENABLE_NS_ASSERTIONS = NO;
				ENABLE_STRICT_OBJC_MSGSEND = YES;
				GCC_C_LANGUAGE_STANDARD = gnu99;
				GCC_NO_COMMON_BLOCKS = YES;
				GCC_WARN_64_TO_32_BIT_CONVERSION = YES;
				GCC_WARN_ABOUT_RETURN_TYPE = YES_ERROR;
				GCC_WARN_UNDECLARED_SELECTOR = YES;
				GCC_WARN_UNINITIALIZED_AUTOS = YES_AGGRESSIVE;
				GCC_WARN_UNUSED_FUNCTION = YES;
				GCC_WARN_UNUSED_VARIABLE = YES;
				IPHONEOS_DEPLOYMENT_TARGET = 10.0;
				MTL_ENABLE_DEBUG_INFO = NO;
				SDKROOT = iphoneos;
				VALIDATE_PRODUCT = YES;
			};
			name = Release;
		};
		A5497F5D1DAF610200FA78C1 /* Debug */ = {
			isa = XCBuildConfiguration;
			buildSettings = {
				ASSETCATALOG_COMPILER_APPICON_NAME = AppIcon;
				INFOPLIST_FILE = "16_10_13_03-综合练习/Info.plist";
				LD_RUNPATH_SEARCH_PATHS = "$(inherited) @executable_path/Frameworks";
				PRODUCT_BUNDLE_IDENTIFIER = "com.yiheng.-6-10-13-03-----";
				PRODUCT_NAME = "$(TARGET_NAME)";
			};
			name = Debug;
		};
		A5497F5E1DAF610200FA78C1 /* Release */ = {
			isa = XCBuildConfiguration;
			buildSettings = {
				ASSETCATALOG_COMPILER_APPICON_NAME = AppIcon;
				INFOPLIST_FILE = "16_10_13_03-综合练习/Info.plist";
				LD_RUNPATH_SEARCH_PATHS = "$(inherited) @executable_path/Frameworks";
				PRODUCT_BUNDLE_IDENTIFIER = "com.yiheng.-6-10-13-03-----";
				PRODUCT_NAME = "$(TARGET_NAME)";
			};
			name = Release;
		};
/* End XCBuildConfiguration section */

/* Begin XCConfigurationList section */
		A5497F401DAF610200FA78C1 /* Build configuration list for PBXProject "16_10_13_03-综合练习" */ = {
			isa = XCConfigurationList;
			buildConfigurations = (
				A5497F5A1DAF610200FA78C1 /* Debug */,
				A5497F5B1DAF610200FA78C1 /* Release */,
			);
			defaultConfigurationIsVisible = 0;
			defaultConfigurationName = Release;
		};
		A5497F5C1DAF610200FA78C1 /* Build configuration list for PBXNativeTarget "16_10_13_03-综合练习" */ = {
			isa = XCConfigurationList;
			buildConfigurations = (
				A5497F5D1DAF610200FA78C1 /* Debug */,
				A5497F5E1DAF610200FA78C1 /* Release */,
			);
			defaultConfigurationIsVisible = 0;
			defaultConfigurationName = Release;
		};
/* End XCConfigurationList section */
	};
	rootObject = A5497F3D1DAF610200FA78C1 /* Project object */;
}
