// !$*UTF8*$!
{
	archiveVersion = 1;
	classes = {
	};
	objectVersion = 46;
	objects = {

/* Begin PBXBuildFile section */
		A57E74A41DFFFBE200DC1FF4 /* main.m in Sources */ = {isa = PBXBuildFile; fileRef = A57E74A31DFFFBE100DC1FF4 /* main.m */; };
		A57E74A71DFFFBE200DC1FF4 /* AppDelegate.m in Sources */ = {isa = PBXBuildFile; fileRef = A57E74A61DFFFBE200DC1FF4 /* AppDelegate.m */; };
		A57E74AA1DFFFBE200DC1FF4 /* ViewController.m in Sources */ = {isa = PBXBuildFile; fileRef = A57E74A91DFFFBE200DC1FF4 /* ViewController.m */; };
		A57E74AD1DFFFBE200DC1FF4 /* Main.storyboard in Resources */ = {isa = PBXBuildFile; fileRef = A57E74AB1DFFFBE200DC1FF4 /* Main.storyboard */; };
		A57E74AF1DFFFBE200DC1FF4 /* Assets.xcassets in Resources */ = {isa = PBXBuildFile; fileRef = A57E74AE1DFFFBE200DC1FF4 /* Assets.xcassets */; };
		A57E74B21DFFFBE200DC1FF4 /* LaunchScreen.storyboard in Resources */ = {isa = PBXBuildFile; fileRef = A57E74B01DFFFBE200DC1FF4 /* LaunchScreen.storyboard */; };
		A57E74DE1E01376500DC1FF4 /* test.m in Sources */ = {isa = PBXBuildFile; fileRef = A57E74DD1E01376500DC1FF4 /* test.m */; };
		A57E751B1E03C80700DC1FF4 /* testView.m in Sources */ = {isa = PBXBuildFile; fileRef = A57E751A1E03C80700DC1FF4 /* testView.m */; };
		A57E751D1E03C81000DC1FF4 /* testView.xib in Resources */ = {isa = PBXBuildFile; fileRef = A57E751C1E03C81000DC1FF4 /* testView.xib */; };
		A5C80C111E03D2BA00875B18 /* Info.plist in Resources */ = {isa = PBXBuildFile; fileRef = A5C80BF71E03D2BA00875B18 /* Info.plist */; };
		A5C80C121E03D2BA00875B18 /* MASCompositeConstraint.m in Sources */ = {isa = PBXBuildFile; fileRef = A5C80BF91E03D2BA00875B18 /* MASCompositeConstraint.m */; };
		A5C80C131E03D2BA00875B18 /* MASConstraint.m in Sources */ = {isa = PBXBuildFile; fileRef = A5C80BFC1E03D2BA00875B18 /* MASConstraint.m */; };
		A5C80C141E03D2BA00875B18 /* MASConstraintMaker.m in Sources */ = {isa = PBXBuildFile; fileRef = A5C80BFE1E03D2BA00875B18 /* MASConstraintMaker.m */; };
		A5C80C151E03D2BA00875B18 /* MASLayoutConstraint.m in Sources */ = {isa = PBXBuildFile; fileRef = A5C80C001E03D2BA00875B18 /* MASLayoutConstraint.m */; };
		A5C80C161E03D2BA00875B18 /* MASViewAttribute.m in Sources */ = {isa = PBXBuildFile; fileRef = A5C80C041E03D2BA00875B18 /* MASViewAttribute.m */; };
		A5C80C171E03D2BA00875B18 /* MASViewConstraint.m in Sources */ = {isa = PBXBuildFile; fileRef = A5C80C061E03D2BA00875B18 /* MASViewConstraint.m */; };
		A5C80C181E03D2BA00875B18 /* NSArray+MASAdditions.m in Sources */ = {isa = PBXBuildFile; fileRef = A5C80C081E03D2BA00875B18 /* NSArray+MASAdditions.m */; };
		A5C80C191E03D2BA00875B18 /* NSLayoutConstraint+MASDebugAdditions.m in Sources */ = {isa = PBXBuildFile; fileRef = A5C80C0B1E03D2BA00875B18 /* NSLayoutConstraint+MASDebugAdditions.m */; };
		A5C80C1A1E03D2BA00875B18 /* View+MASAdditions.m in Sources */ = {isa = PBXBuildFile; fileRef = A5C80C0D1E03D2BA00875B18 /* View+MASAdditions.m */; };
		A5C80C1B1E03D2BA00875B18 /* ViewController+MASAdditions.m in Sources */ = {isa = PBXBuildFile; fileRef = A5C80C101E03D2BA00875B18 /* ViewController+MASAdditions.m */; };
/* End PBXBuildFile section */

/* Begin PBXFileReference section */
		A57E749F1DFFFBE100DC1FF4 /* 16_12_13_Transform的使用.app */ = {isa = PBXFileReference; explicitFileType = wrapper.application; includeInIndex = 0; path = "16_12_13_Transform的使用.app"; sourceTree = BUILT_PRODUCTS_DIR; };
		A57E74A31DFFFBE100DC1FF4 /* main.m */ = {isa = PBXFileReference; lastKnownFileType = sourcecode.c.objc; path = main.m; sourceTree = "<group>"; };
		A57E74A51DFFFBE200DC1FF4 /* AppDelegate.h */ = {isa = PBXFileReference; lastKnownFileType = sourcecode.c.h; path = AppDelegate.h; sourceTree = "<group>"; };
		A57E74A61DFFFBE200DC1FF4 /* AppDelegate.m */ = {isa = PBXFileReference; lastKnownFileType = sourcecode.c.objc; path = AppDelegate.m; sourceTree = "<group>"; };
		A57E74A81DFFFBE200DC1FF4 /* ViewController.h */ = {isa = PBXFileReference; lastKnownFileType = sourcecode.c.h; path = ViewController.h; sourceTree = "<group>"; };
		A57E74A91DFFFBE200DC1FF4 /* ViewController.m */ = {isa = PBXFileReference; lastKnownFileType = sourcecode.c.objc; path = ViewController.m; sourceTree = "<group>"; };
		A57E74AC1DFFFBE200DC1FF4 /* Base */ = {isa = PBXFileReference; lastKnownFileType = file.storyboard; name = Base; path = Base.lproj/Main.storyboard; sourceTree = "<group>"; };
		A57E74AE1DFFFBE200DC1FF4 /* Assets.xcassets */ = {isa = PBXFileReference; lastKnownFileType = folder.assetcatalog; path = Assets.xcassets; sourceTree = "<group>"; };
		A57E74B11DFFFBE200DC1FF4 /* Base */ = {isa = PBXFileReference; lastKnownFileType = file.storyboard; name = Base; path = Base.lproj/LaunchScreen.storyboard; sourceTree = "<group>"; };
		A57E74B31DFFFBE200DC1FF4 /* Info.plist */ = {isa = PBXFileReference; lastKnownFileType = text.plist.xml; path = Info.plist; sourceTree = "<group>"; };
		A57E74DC1E01376500DC1FF4 /* test.h */ = {isa = PBXFileReference; fileEncoding = 4; lastKnownFileType = sourcecode.c.h; path = test.h; sourceTree = "<group>"; };
		A57E74DD1E01376500DC1FF4 /* test.m */ = {isa = PBXFileReference; fileEncoding = 4; lastKnownFileType = sourcecode.c.objc; path = test.m; sourceTree = "<group>"; };
		A57E75191E03C80700DC1FF4 /* testView.h */ = {isa = PBXFileReference; fileEncoding = 4; lastKnownFileType = sourcecode.c.h; path = testView.h; sourceTree = "<group>"; };
		A57E751A1E03C80700DC1FF4 /* testView.m */ = {isa = PBXFileReference; fileEncoding = 4; lastKnownFileType = sourcecode.c.objc; path = testView.m; sourceTree = "<group>"; };
		A57E751C1E03C81000DC1FF4 /* testView.xib */ = {isa = PBXFileReference; fileEncoding = 4; lastKnownFileType = file.xib; path = testView.xib; sourceTree = "<group>"; };
		A5C80BF71E03D2BA00875B18 /* Info.plist */ = {isa = PBXFileReference; fileEncoding = 4; lastKnownFileType = text.plist.xml; path = Info.plist; sourceTree = "<group>"; };
		A5C80BF81E03D2BA00875B18 /* MASCompositeConstraint.h */ = {isa = PBXFileReference; fileEncoding = 4; lastKnownFileType = sourcecode.c.h; path = MASCompositeConstraint.h; sourceTree = "<group>"; };
		A5C80BF91E03D2BA00875B18 /* MASCompositeConstraint.m */ = {isa = PBXFileReference; fileEncoding = 4; lastKnownFileType = sourcecode.c.objc; path = MASCompositeConstraint.m; sourceTree = "<group>"; };
		A5C80BFA1E03D2BA00875B18 /* MASConstraint+Private.h */ = {isa = PBXFileReference; fileEncoding = 4; lastKnownFileType = sourcecode.c.h; path = "MASConstraint+Private.h"; sourceTree = "<group>"; };
		A5C80BFB1E03D2BA00875B18 /* MASConstraint.h */ = {isa = PBXFileReference; fileEncoding = 4; lastKnownFileType = sourcecode.c.h; path = MASConstraint.h; sourceTree = "<group>"; };
		A5C80BFC1E03D2BA00875B18 /* MASConstraint.m */ = {isa = PBXFileReference; fileEncoding = 4; lastKnownFileType = sourcecode.c.objc; path = MASConstraint.m; sourceTree = "<group>"; };
		A5C80BFD1E03D2BA00875B18 /* MASConstraintMaker.h */ = {isa = PBXFileReference; fileEncoding = 4; lastKnownFileType = sourcecode.c.h; path = MASConstraintMaker.h; sourceTree = "<group>"; };
		A5C80BFE1E03D2BA00875B18 /* MASConstraintMaker.m */ = {isa = PBXFileReference; fileEncoding = 4; lastKnownFileType = sourcecode.c.objc; path = MASConstraintMaker.m; sourceTree = "<group>"; };
		A5C80BFF1E03D2BA00875B18 /* MASLayoutConstraint.h */ = {isa = PBXFileReference; fileEncoding = 4; lastKnownFileType = sourcecode.c.h; path = MASLayoutConstraint.h; sourceTree = "<group>"; };
		A5C80C001E03D2BA00875B18 /* MASLayoutConstraint.m */ = {isa = PBXFileReference; fileEncoding = 4; lastKnownFileType = sourcecode.c.objc; path = MASLayoutConstraint.m; sourceTree = "<group>"; };
		A5C80C011E03D2BA00875B18 /* Masonry.h */ = {isa = PBXFileReference; fileEncoding = 4; lastKnownFileType = sourcecode.c.h; path = Masonry.h; sourceTree = "<group>"; };
		A5C80C021E03D2BA00875B18 /* MASUtilities.h */ = {isa = PBXFileReference; fileEncoding = 4; lastKnownFileType = sourcecode.c.h; path = MASUtilities.h; sourceTree = "<group>"; };
		A5C80C031E03D2BA00875B18 /* MASViewAttribute.h */ = {isa = PBXFileReference; fileEncoding = 4; lastKnownFileType = sourcecode.c.h; path = MASViewAttribute.h; sourceTree = "<group>"; };
		A5C80C041E03D2BA00875B18 /* MASViewAttribute.m */ = {isa = PBXFileReference; fileEncoding = 4; lastKnownFileType = sourcecode.c.objc; path = MASViewAttribute.m; sourceTree = "<group>"; };
		A5C80C051E03D2BA00875B18 /* MASViewConstraint.h */ = {isa = PBXFileReference; fileEncoding = 4; lastKnownFileType = sourcecode.c.h; path = MASViewConstraint.h; sourceTree = "<group>"; };
		A5C80C061E03D2BA00875B18 /* MASViewConstraint.m */ = {isa = PBXFileReference; fileEncoding = 4; lastKnownFileType = sourcecode.c.objc; path = MASViewConstraint.m; sourceTree = "<group>"; };
		A5C80C071E03D2BA00875B18 /* NSArray+MASAdditions.h */ = {isa = PBXFileReference; fileEncoding = 4; lastKnownFileType = sourcecode.c.h; path = "NSArray+MASAdditions.h"; sourceTree = "<group>"; };
		A5C80C081E03D2BA00875B18 /* NSArray+MASAdditions.m */ = {isa = PBXFileReference; fileEncoding = 4; lastKnownFileType = sourcecode.c.objc; path = "NSArray+MASAdditions.m"; sourceTree = "<group>"; };
		A5C80C091E03D2BA00875B18 /* NSArray+MASShorthandAdditions.h */ = {isa = PBXFileReference; fileEncoding = 4; lastKnownFileType = sourcecode.c.h; path = "NSArray+MASShorthandAdditions.h"; sourceTree = "<group>"; };
		A5C80C0A1E03D2BA00875B18 /* NSLayoutConstraint+MASDebugAdditions.h */ = {isa = PBXFileReference; fileEncoding = 4; lastKnownFileType = sourcecode.c.h; path = "NSLayoutConstraint+MASDebugAdditions.h"; sourceTree = "<group>"; };
		A5C80C0B1E03D2BA00875B18 /* NSLayoutConstraint+MASDebugAdditions.m */ = {isa = PBXFileReference; fileEncoding = 4; lastKnownFileType = sourcecode.c.objc; path = "NSLayoutConstraint+MASDebugAdditions.m"; sourceTree = "<group>"; };
		A5C80C0C1E03D2BA00875B18 /* View+MASAdditions.h */ = {isa = PBXFileReference; fileEncoding = 4; lastKnownFileType = sourcecode.c.h; path = "View+MASAdditions.h"; sourceTree = "<group>"; };
		A5C80C0D1E03D2BA00875B18 /* View+MASAdditions.m */ = {isa = PBXFileReference; fileEncoding = 4; lastKnownFileType = sourcecode.c.objc; path = "View+MASAdditions.m"; sourceTree = "<group>"; };
		A5C80C0E1E03D2BA00875B18 /* View+MASShorthandAdditions.h */ = {isa = PBXFileReference; fileEncoding = 4; lastKnownFileType = sourcecode.c.h; path = "View+MASShorthandAdditions.h"; sourceTree = "<group>"; };
		A5C80C0F1E03D2BA00875B18 /* ViewController+MASAdditions.h */ = {isa = PBXFileReference; fileEncoding = 4; lastKnownFileType = sourcecode.c.h; path = "ViewController+MASAdditions.h"; sourceTree = "<group>"; };
		A5C80C101E03D2BA00875B18 /* ViewController+MASAdditions.m */ = {isa = PBXFileReference; fileEncoding = 4; lastKnownFileType = sourcecode.c.objc; path = "ViewController+MASAdditions.m"; sourceTree = "<group>"; };
/* End PBXFileReference section */

/* Begin PBXFrameworksBuildPhase section */
		A57E749C1DFFFBE100DC1FF4 /* Frameworks */ = {
			isa = PBXFrameworksBuildPhase;
			buildActionMask = 2147483647;
			files = (
			);
			runOnlyForDeploymentPostprocessing = 0;
		};
/* End PBXFrameworksBuildPhase section */

/* Begin PBXGroup section */
		A57E74961DFFFBE100DC1FF4 = {
			isa = PBXGroup;
			children = (
				A57E74A11DFFFBE100DC1FF4 /* 16_12_13_Transform的使用 */,
				A57E74A01DFFFBE100DC1FF4 /* Products */,
			);
			sourceTree = "<group>";
		};
		A57E74A01DFFFBE100DC1FF4 /* Products */ = {
			isa = PBXGroup;
			children = (
				A57E749F1DFFFBE100DC1FF4 /* 16_12_13_Transform的使用.app */,
			);
			name = Products;
			sourceTree = "<group>";
		};
		A57E74A11DFFFBE100DC1FF4 /* 16_12_13_Transform的使用 */ = {
			isa = PBXGroup;
			children = (
				A5C80BF61E03D2BA00875B18 /* Masonry */,
				A57E74A51DFFFBE200DC1FF4 /* AppDelegate.h */,
				A57E74A61DFFFBE200DC1FF4 /* AppDelegate.m */,
				A57E74A81DFFFBE200DC1FF4 /* ViewController.h */,
				A57E74A91DFFFBE200DC1FF4 /* ViewController.m */,
				A57E75191E03C80700DC1FF4 /* testView.h */,
				A57E751A1E03C80700DC1FF4 /* testView.m */,
				A57E751C1E03C81000DC1FF4 /* testView.xib */,
				A57E74AB1DFFFBE200DC1FF4 /* Main.storyboard */,
				A57E74DC1E01376500DC1FF4 /* test.h */,
				A57E74DD1E01376500DC1FF4 /* test.m */,
				A57E74AE1DFFFBE200DC1FF4 /* Assets.xcassets */,
				A57E74B01DFFFBE200DC1FF4 /* LaunchScreen.storyboard */,
				A57E74B31DFFFBE200DC1FF4 /* Info.plist */,
				A57E74A21DFFFBE100DC1FF4 /* Supporting Files */,
			);
			path = "16_12_13_Transform的使用";
			sourceTree = "<group>";
		};
		A57E74A21DFFFBE100DC1FF4 /* Supporting Files */ = {
			isa = PBXGroup;
			children = (
				A57E74A31DFFFBE100DC1FF4 /* main.m */,
			);
			name = "Supporting Files";
			sourceTree = "<group>";
		};
		A5C80BF61E03D2BA00875B18 /* Masonry */ = {
			isa = PBXGroup;
			children = (
				A5C80BF71E03D2BA00875B18 /* Info.plist */,
				A5C80BF81E03D2BA00875B18 /* MASCompositeConstraint.h */,
				A5C80BF91E03D2BA00875B18 /* MASCompositeConstraint.m */,
				A5C80BFA1E03D2BA00875B18 /* MASConstraint+Private.h */,
				A5C80BFB1E03D2BA00875B18 /* MASConstraint.h */,
				A5C80BFC1E03D2BA00875B18 /* MASConstraint.m */,
				A5C80BFD1E03D2BA00875B18 /* MASConstraintMaker.h */,
				A5C80BFE1E03D2BA00875B18 /* MASConstraintMaker.m */,
				A5C80BFF1E03D2BA00875B18 /* MASLayoutConstraint.h */,
				A5C80C001E03D2BA00875B18 /* MASLayoutConstraint.m */,
				A5C80C011E03D2BA00875B18 /* Masonry.h */,
				A5C80C021E03D2BA00875B18 /* MASUtilities.h */,
				A5C80C031E03D2BA00875B18 /* MASViewAttribute.h */,
				A5C80C041E03D2BA00875B18 /* MASViewAttribute.m */,
				A5C80C051E03D2BA00875B18 /* MASViewConstraint.h */,
				A5C80C061E03D2BA00875B18 /* MASViewConstraint.m */,
				A5C80C071E03D2BA00875B18 /* NSArray+MASAdditions.h */,
				A5C80C081E03D2BA00875B18 /* NSArray+MASAdditions.m */,
				A5C80C091E03D2BA00875B18 /* NSArray+MASShorthandAdditions.h */,
				A5C80C0A1E03D2BA00875B18 /* NSLayoutConstraint+MASDebugAdditions.h */,
				A5C80C0B1E03D2BA00875B18 /* NSLayoutConstraint+MASDebugAdditions.m */,
				A5C80C0C1E03D2BA00875B18 /* View+MASAdditions.h */,
				A5C80C0D1E03D2BA00875B18 /* View+MASAdditions.m */,
				A5C80C0E1E03D2BA00875B18 /* View+MASShorthandAdditions.h */,
				A5C80C0F1E03D2BA00875B18 /* ViewController+MASAdditions.h */,
				A5C80C101E03D2BA00875B18 /* ViewController+MASAdditions.m */,
			);
			path = Masonry;
			sourceTree = "<group>";
		};
/* End PBXGroup section */

/* Begin PBXNativeTarget section */
		A57E749E1DFFFBE100DC1FF4 /* 16_12_13_Transform的使用 */ = {
			isa = PBXNativeTarget;
			buildConfigurationList = A57E74B61DFFFBE200DC1FF4 /* Build configuration list for PBXNativeTarget "16_12_13_Transform的使用" */;
			buildPhases = (
				A57E749B1DFFFBE100DC1FF4 /* Sources */,
				A57E749C1DFFFBE100DC1FF4 /* Frameworks */,
				A57E749D1DFFFBE100DC1FF4 /* Resources */,
			);
			buildRules = (
			);
			dependencies = (
			);
			name = "16_12_13_Transform的使用";
			productName = "16_12_13_Transform的使用";
			productReference = A57E749F1DFFFBE100DC1FF4 /* 16_12_13_Transform的使用.app */;
			productType = "com.apple.product-type.application";
		};
/* End PBXNativeTarget section */

/* Begin PBXProject section */
		A57E74971DFFFBE100DC1FF4 /* Project object */ = {
			isa = PBXProject;
			attributes = {
				LastUpgradeCheck = 0820;
				ORGANIZATIONNAME = "姚懿恒";
				TargetAttributes = {
					A57E749E1DFFFBE100DC1FF4 = {
						CreatedOnToolsVersion = 8.2;
						ProvisioningStyle = Automatic;
					};
				};
			};
			buildConfigurationList = A57E749A1DFFFBE100DC1FF4 /* Build configuration list for PBXProject "16_12_13_Transform的使用" */;
			compatibilityVersion = "Xcode 3.2";
			developmentRegion = English;
			hasScannedForEncodings = 0;
			knownRegions = (
				en,
				Base,
			);
			mainGroup = A57E74961DFFFBE100DC1FF4;
			productRefGroup = A57E74A01DFFFBE100DC1FF4 /* Products */;
			projectDirPath = "";
			projectRoot = "";
			targets = (
				A57E749E1DFFFBE100DC1FF4 /* 16_12_13_Transform的使用 */,
			);
		};
/* End PBXProject section */

/* Begin PBXResourcesBuildPhase section */
		A57E749D1DFFFBE100DC1FF4 /* Resources */ = {
			isa = PBXResourcesBuildPhase;
			buildActionMask = 2147483647;
			files = (
				A57E751D1E03C81000DC1FF4 /* testView.xib in Resources */,
				A57E74B21DFFFBE200DC1FF4 /* LaunchScreen.storyboard in Resources */,
				A57E74AF1DFFFBE200DC1FF4 /* Assets.xcassets in Resources */,
				A5C80C111E03D2BA00875B18 /* Info.plist in Resources */,
				A57E74AD1DFFFBE200DC1FF4 /* Main.storyboard in Resources */,
			);
			runOnlyForDeploymentPostprocessing = 0;
		};
/* End PBXResourcesBuildPhase section */

/* Begin PBXSourcesBuildPhase section */
		A57E749B1DFFFBE100DC1FF4 /* Sources */ = {
			isa = PBXSourcesBuildPhase;
			buildActionMask = 2147483647;
			files = (
				A5C80C191E03D2BA00875B18 /* NSLayoutConstraint+MASDebugAdditions.m in Sources */,
				A57E74AA1DFFFBE200DC1FF4 /* ViewController.m in Sources */,
				A5C80C171E03D2BA00875B18 /* MASViewConstraint.m in Sources */,
				A57E74DE1E01376500DC1FF4 /* test.m in Sources */,
				A57E74A71DFFFBE200DC1FF4 /* AppDelegate.m in Sources */,
				A57E751B1E03C80700DC1FF4 /* testView.m in Sources */,
				A5C80C1A1E03D2BA00875B18 /* View+MASAdditions.m in Sources */,
				A5C80C121E03D2BA00875B18 /* MASCompositeConstraint.m in Sources */,
				A5C80C161E03D2BA00875B18 /* MASViewAttribute.m in Sources */,
				A5C80C141E03D2BA00875B18 /* MASConstraintMaker.m in Sources */,
				A5C80C181E03D2BA00875B18 /* NSArray+MASAdditions.m in Sources */,
				A5C80C1B1E03D2BA00875B18 /* ViewController+MASAdditions.m in Sources */,
				A5C80C131E03D2BA00875B18 /* MASConstraint.m in Sources */,
				A5C80C151E03D2BA00875B18 /* MASLayoutConstraint.m in Sources */,
				A57E74A41DFFFBE200DC1FF4 /* main.m in Sources */,
			);
			runOnlyForDeploymentPostprocessing = 0;
		};
/* End PBXSourcesBuildPhase section */

/* Begin PBXVariantGroup section */
		A57E74AB1DFFFBE200DC1FF4 /* Main.storyboard */ = {
			isa = PBXVariantGroup;
			children = (
				A57E74AC1DFFFBE200DC1FF4 /* Base */,
			);
			name = Main.storyboard;
			sourceTree = "<group>";
		};
		A57E74B01DFFFBE200DC1FF4 /* LaunchScreen.storyboard */ = {
			isa = PBXVariantGroup;
			children = (
				A57E74B11DFFFBE200DC1FF4 /* Base */,
			);
			name = LaunchScreen.storyboard;
			sourceTree = "<group>";
		};
/* End PBXVariantGroup section */

/* Begin XCBuildConfiguration section */
		A57E74B41DFFFBE200DC1FF4 /* Debug */ = {
			isa = XCBuildConfiguration;
			buildSettings = {
				ALWAYS_SEARCH_USER_PATHS = NO;
				CLANG_ANALYZER_NONNULL = YES;
				CLANG_CXX_LANGUAGE_STANDARD = "gnu++0x";
				CLANG_CXX_LIBRARY = "libc++";
				CLANG_ENABLE_MODULES = YES;
				CLANG_ENABLE_OBJC_ARC = YES;
				CLANG_WARN_BOOL_CONVERSION = YES;
				CLANG_WARN_CONSTANT_CONVERSION = YES;
				CLANG_WARN_DIRECT_OBJC_ISA_USAGE = YES_ERROR;
				CLANG_WARN_DOCUMENTATION_COMMENTS = YES;
				CLANG_WARN_EMPTY_BODY = YES;
				CLANG_WARN_ENUM_CONVERSION = YES;
				CLANG_WARN_INFINITE_RECURSION = YES;
				CLANG_WARN_INT_CONVERSION = YES;
				CLANG_WARN_OBJC_ROOT_CLASS = YES_ERROR;
				CLANG_WARN_SUSPICIOUS_MOVE = YES;
				CLANG_WARN_UNREACHABLE_CODE = YES;
				CLANG_WARN__DUPLICATE_METHOD_MATCH = YES;
				"CODE_SIGN_IDENTITY[sdk=iphoneos*]" = "iPhone Developer";
				COPY_PHASE_STRIP = NO;
				DEBUG_INFORMATION_FORMAT = dwarf;
				ENABLE_STRICT_OBJC_MSGSEND = YES;
				ENABLE_TESTABILITY = YES;
				GCC_C_LANGUAGE_STANDARD = gnu99;
				GCC_DYNAMIC_NO_PIC = NO;
				GCC_NO_COMMON_BLOCKS = YES;
				GCC_OPTIMIZATION_LEVEL = 0;
				GCC_PREPROCESSOR_DEFINITIONS = (
					"DEBUG=1",
					"$(inherited)",
				);
				GCC_WARN_64_TO_32_BIT_CONVERSION = YES;
				GCC_WARN_ABOUT_RETURN_TYPE = YES_ERROR;
				GCC_WARN_UNDECLARED_SELECTOR = YES;
				GCC_WARN_UNINITIALIZED_AUTOS = YES_AGGRESSIVE;
				GCC_WARN_UNUSED_FUNCTION = YES;
				GCC_WARN_UNUSED_VARIABLE = YES;
				IPHONEOS_DEPLOYMENT_TARGET = 10.2;
				MTL_ENABLE_DEBUG_INFO = YES;
				ONLY_ACTIVE_ARCH = YES;
				SDKROOT = iphoneos;
			};
			name = Debug;
		};
		A57E74B51DFFFBE200DC1FF4 /* Release */ = {
			isa = XCBuildConfiguration;
			buildSettings = {
				ALWAYS_SEARCH_USER_PATHS = NO;
				CLANG_ANALYZER_NONNULL = YES;
				CLANG_CXX_LANGUAGE_STANDARD = "gnu++0x";
				CLANG_CXX_LIBRARY = "libc++";
				CLANG_ENABLE_MODULES = YES;
				CLANG_ENABLE_OBJC_ARC = YES;
				CLANG_WARN_BOOL_CONVERSION = YES;
				CLANG_WARN_CONSTANT_CONVERSION = YES;
				CLANG_WARN_DIRECT_OBJC_ISA_USAGE = YES_ERROR;
				CLANG_WARN_DOCUMENTATION_COMMENTS = YES;
				CLANG_WARN_EMPTY_BODY = YES;
				CLANG_WARN_ENUM_CONVERSION = YES;
				CLANG_WARN_INFINITE_RECURSION = YES;
				CLANG_WARN_INT_CONVERSION = YES;
				CLANG_WARN_OBJC_ROOT_CLASS = YES_ERROR;
				CLANG_WARN_SUSPICIOUS_MOVE = YES;
				CLANG_WARN_UNREACHABLE_CODE = YES;
				CLANG_WARN__DUPLICATE_METHOD_MATCH = YES;
				"CODE_SIGN_IDENTITY[sdk=iphoneos*]" = "iPhone Developer";
				COPY_PHASE_STRIP = NO;
				DEBUG_INFORMATION_FORMAT = "dwarf-with-dsym";
				ENABLE_NS_ASSERTIONS = NO;
				ENABLE_STRICT_OBJC_MSGSEND = YES;
				GCC_C_LANGUAGE_STANDARD = gnu99;
				GCC_NO_COMMON_BLOCKS = YES;
				GCC_WARN_64_TO_32_BIT_CONVERSION = YES;
				GCC_WARN_ABOUT_RETURN_TYPE = YES_ERROR;
				GCC_WARN_UNDECLARED_SELECTOR = YES;
				GCC_WARN_UNINITIALIZED_AUTOS = YES_AGGRESSIVE;
				GCC_WARN_UNUSED_FUNCTION = YES;
				GCC_WARN_UNUSED_VARIABLE = YES;
				IPHONEOS_DEPLOYMENT_TARGET = 10.2;
				MTL_ENABLE_DEBUG_INFO = NO;
				SDKROOT = iphoneos;
				VALIDATE_PRODUCT = YES;
			};
			name = Release;
		};
		A57E74B71DFFFBE200DC1FF4 /* Debug */ = {
			isa = XCBuildConfiguration;
			buildSettings = {
				ASSETCATALOG_COMPILER_APPICON_NAME = AppIcon;
				INFOPLIST_FILE = "16_12_13_Transform的使用/Info.plist";
				LD_RUNPATH_SEARCH_PATHS = "$(inherited) @executable_path/Frameworks";
				PRODUCT_BUNDLE_IDENTIFIER = "com.yiheng.-6-12-13-Transform---";
				PRODUCT_NAME = "$(TARGET_NAME)";
			};
			name = Debug;
		};
		A57E74B81DFFFBE200DC1FF4 /* Release */ = {
			isa = XCBuildConfiguration;
			buildSettings = {
				ASSETCATALOG_COMPILER_APPICON_NAME = AppIcon;
				INFOPLIST_FILE = "16_12_13_Transform的使用/Info.plist";
				LD_RUNPATH_SEARCH_PATHS = "$(inherited) @executable_path/Frameworks";
				PRODUCT_BUNDLE_IDENTIFIER = "com.yiheng.-6-12-13-Transform---";
				PRODUCT_NAME = "$(TARGET_NAME)";
			};
			name = Release;
		};
/* End XCBuildConfiguration section */

/* Begin XCConfigurationList section */
		A57E749A1DFFFBE100DC1FF4 /* Build configuration list for PBXProject "16_12_13_Transform的使用" */ = {
			isa = XCConfigurationList;
			buildConfigurations = (
				A57E74B41DFFFBE200DC1FF4 /* Debug */,
				A57E74B51DFFFBE200DC1FF4 /* Release */,
			);
			defaultConfigurationIsVisible = 0;
			defaultConfigurationName = Release;
		};
		A57E74B61DFFFBE200DC1FF4 /* Build configuration list for PBXNativeTarget "16_12_13_Transform的使用" */ = {
			isa = XCConfigurationList;
			buildConfigurations = (
				A57E74B71DFFFBE200DC1FF4 /* Debug */,
				A57E74B81DFFFBE200DC1FF4 /* Release */,
			);
			defaultConfigurationIsVisible = 0;
			defaultConfigurationName = Release;
		};
/* End XCConfigurationList section */
	};
	rootObject = A57E74971DFFFBE100DC1FF4 /* Project object */;
}
